PODS:
  - BulletinBoard (4.0.0)
  - Charts (3.3.0):
    - Charts/Core (= 3.3.0)
  - Charts/Core (3.3.0)
  - MaterialComponents/Palettes (88.0.1)
  - MaterialComponents/private/Math (88.0.1)
  - MaterialComponents/ProgressView (88.0.1):
    - MaterialComponents/Palettes
    - MaterialComponents/private/Math
    - MDFInternationalization
    - MotionAnimator (~> 2.1)
  - MDFInternationalization (2.0.0)
  - MotionAnimator (2.8.1):
    - MotionInterchange (~> 1.6)
  - MotionInterchange (1.6.0)
  - paper-onboarding (6.1.3)
  - SwiftyStoreKit (0.15.0)
  - SwipeCellKit (2.7.1)
  - ValueCoding (3.0.0)
  - WSTagsField (5.2.0)

DEPENDENCIES:
  - BulletinBoard (= 4.0.0)
  - Charts (~> 3.3.0)
  - MaterialComponents/ProgressView (= 88.0.1)
  - paper-onboarding (= 6.1.3)
  - SwiftyStoreKit
  - SwiftyStoreKit (= 0.15.0)
  - SwipeCellKit
  - ValueCoding (~> 3.0.0)
  - WSTagsField (= 5.2.0)

SPEC REPOS:
  https://github.com/cocoapods/specs.git:
    - BulletinBoard
    - Charts
    - MaterialComponents
    - MDFInternationalization
    - MotionAnimator
    - MotionInterchange
    - paper-onboarding
    - SwiftyStoreKit
    - SwipeCellKit
    - ValueCoding
    - WSTagsField

SPEC CHECKSUMS:
  BulletinBoard: 2e312814ff70f3af364a6dda3857a801f6d2adb6
  Charts: e0dd4cd8f257bccf98407b58183ddca8e8d5b578
  MaterialComponents: e98245f7a1a9802fe442fa4d1f3acbb727ece9ec
  MDFInternationalization: 010097556d6b09d2c4ea38e0820ea6d37be6a314
  MotionAnimator: ee16aa30567c5bae0fb2750c132915829cfaaf8a
  MotionInterchange: ead0e3ae1f3a5fb539e289debbc7ae036160a10d
  paper-onboarding: 47ded9ede6ae9dd7ec135dddd8bd3e170b79d799
  SwiftyStoreKit: 033d06b6f87955405d3f844a18a7687c2438592a
  SwipeCellKit: 3972254a826da74609926daf59b08d6c72e619ea
  ValueCoding: b094fc6c260d6abad7ea0848344a6dd78a1269a4
  WSTagsField: d57a287fd552934db1d93a85d38abbf74b067d6a

PODFILE CHECKSUM: 9b68a15e51742379ac3080adbf4d13cb3a82d4a3

COCOAPODS: 1.7.4
