PODS:
  - Money (2.0.1):
    - ValueCoding (~> 2)
  - ValueCoding (2.2.0)

DEPENDENCIES:
  - Money

SPEC REPOS:
  https://github.com/cocoapods/specs.git:
    - Money
    - ValueCoding

SPEC CHECKSUMS:
  Money: 6faa689f86c455112971c900e8a31fa0b9c02365
  ValueCoding: dd37df7966fb14d5238c19e2f88c86ac4064ef96

PODFILE CHECKSUM: 547ee2029a1d6bd9e1381b05d0ef77051318319f

COCOAPODS: 1.7.4
