// !$*UTF8*$!
{
	archiveVersion = 1;
	classes = {
	};
	objectVersion = 51;
	objects = {

/* Begin PBXBuildFile section */
		705B8E4F9B8AF8BE4BA797A5 /* Pods_MyBudget.framework in Frameworks */ = {isa = PBXBuildFile; fileRef = 160BB9A2AF30D0BE54C34C8C /* Pods_MyBudget.framework */; };
		EB02A67222EB10E700987AFA /* APNumberPadDefaultStyle.m in Sources */ = {isa = PBXBuildFile; fileRef = EB02A66A22EB10E600987AFA /* APNumberPadDefaultStyle.m */; };
		EB02A67322EB10E700987AFA /* APNumberButton.m in Sources */ = {isa = PBXBuildFile; fileRef = EB02A66C22EB10E700987AFA /* APNumberButton.m */; };
		EB02A67422EB10E700987AFA /* NSBundle+APNumberPad.m in Sources */ = {isa = PBXBuildFile; fileRef = EB02A66D22EB10E700987AFA /* NSBundle+APNumberPad.m */; };
		EB02A67522EB10E700987AFA /* APNumberPad.m in Sources */ = {isa = PBXBuildFile; fileRef = EB02A67022EB10E700987AFA /* APNumberPad.m */; };
		EB02A68122EB1BAF00987AFA /* apnumberpad_backspace_icon.png in Resources */ = {isa = PBXBuildFile; fileRef = EB02A68022EB1BAA00987AFA /* apnumberpad_backspace_icon.png */; };
		EB02A68222EB1BAF00987AFA /* apnumberpad_backspace_icon@2x.png in Resources */ = {isa = PBXBuildFile; fileRef = EB02A67E22EB1BAA00987AFA /* apnumberpad_backspace_icon@2x.png */; };
		EB02A68322EB1BAF00987AFA /* apnumberpad_backspace_icon@3x.png in Resources */ = {isa = PBXBuildFile; fileRef = EB02A67F22EB1BAA00987AFA /* apnumberpad_backspace_icon@3x.png */; };
		EB02A68722EB1BEF00987AFA /* MoneyKeyboard.swift in Sources */ = {isa = PBXBuildFile; fileRef = EB02A68622EB1BEF00987AFA /* MoneyKeyboard.swift */; };
		EB2C771B22EDBCA3009FA2C8 /* UITextView+Center.swift in Sources */ = {isa = PBXBuildFile; fileRef = EB2C771A22EDBCA3009FA2C8 /* UITextView+Center.swift */; };
		EB2C771D22EDBD59009FA2C8 /* BudgetDetailViewController.swift in Sources */ = {isa = PBXBuildFile; fileRef = EB2C771C22EDBD59009FA2C8 /* BudgetDetailViewController.swift */; };
		EB2C772022EDC143009FA2C8 /* MoneyTextField.swift in Sources */ = {isa = PBXBuildFile; fileRef = EB2C771F22EDC143009FA2C8 /* MoneyTextField.swift */; };
		EB2C772222EDC8CA009FA2C8 /* pencil.png in Resources */ = {isa = PBXBuildFile; fileRef = EB2C772122EDC8CA009FA2C8 /* pencil.png */; };
		EB2C772622EDCA56009FA2C8 /* edit-2.png in Resources */ = {isa = PBXBuildFile; fileRef = EB2C772522EDCA56009FA2C8 /* edit-2.png */; };
		EB558EB322ECA28100039651 /* LedgerTransaction.swift in Sources */ = {isa = PBXBuildFile; fileRef = EB558EB222ECA28000039651 /* LedgerTransaction.swift */; };
		EB558EB722ECA3A200039651 /* CloudKit.framework in Frameworks */ = {isa = PBXBuildFile; fileRef = EB558EB622ECA3A200039651 /* CloudKit.framework */; };
		EB582E7122F0A10D00422323 /* AddAccountsViewController.swift in Sources */ = {isa = PBXBuildFile; fileRef = EB582E7022F0A10D00422323 /* AddAccountsViewController.swift */; };
		EB582E7422F0ACC500422323 /* PercentFillView.swift in Sources */ = {isa = PBXBuildFile; fileRef = EB582E7322F0ACC500422323 /* PercentFillView.swift */; };
		EB582E7622F0AE1800422323 /* Date+Utilities.swift in Sources */ = {isa = PBXBuildFile; fileRef = EB582E7522F0AE1800422323 /* Date+Utilities.swift */; };
		EB60C8E322EF1F3B000DC7C6 /* Bitcoin.swift in Sources */ = {isa = PBXBuildFile; fileRef = EB60C8D922EF1F35000DC7C6 /* Bitcoin.swift */; };
		EB60C8E422EF1F3B000DC7C6 /* Locale.swift in Sources */ = {isa = PBXBuildFile; fileRef = EB60C8DA22EF1F35000DC7C6 /* Locale.swift */; };
		EB60C8E522EF1F3B000DC7C6 /* Currency.swift in Sources */ = {isa = PBXBuildFile; fileRef = EB60C8DB22EF1F35000DC7C6 /* Currency.swift */; };
		EB60C8E622EF1F3B000DC7C6 /* Decimal.swift in Sources */ = {isa = PBXBuildFile; fileRef = EB60C8DC22EF1F35000DC7C6 /* Decimal.swift */; };
		EB60C8E722EF1F3B000DC7C6 /* Money.swift in Sources */ = {isa = PBXBuildFile; fileRef = EB60C8DD22EF1F35000DC7C6 /* Money.swift */; };
		EB60C8E822EF1F3B000DC7C6 /* NSDecimalNumberExtensions.swift in Sources */ = {isa = PBXBuildFile; fileRef = EB60C8DE22EF1F35000DC7C6 /* NSDecimalNumberExtensions.swift */; };
		EB60C8E922EF1F3B000DC7C6 /* ApplePay.swift in Sources */ = {isa = PBXBuildFile; fileRef = EB60C8DF22EF1F35000DC7C6 /* ApplePay.swift */; };
		EB60C8EA22EF1F3B000DC7C6 /* DecimalNumberType.swift in Sources */ = {isa = PBXBuildFile; fileRef = EB60C8E022EF1F35000DC7C6 /* DecimalNumberType.swift */; };
		EB60C8EB22EF1F3B000DC7C6 /* Autogenerated.swift in Sources */ = {isa = PBXBuildFile; fileRef = EB60C8E122EF1F35000DC7C6 /* Autogenerated.swift */; };
		EB60C8EC22EF1F3B000DC7C6 /* NSDecimalExtensions.swift in Sources */ = {isa = PBXBuildFile; fileRef = EB60C8E222EF1F35000DC7C6 /* NSDecimalExtensions.swift */; };
		EB60C8EE22EF1F47000DC7C6 /* LICENSE in Resources */ = {isa = PBXBuildFile; fileRef = EB60C8ED22EF1F47000DC7C6 /* LICENSE */; };
		EB985CA722EC699200C033E8 /* verify-sign.png in Resources */ = {isa = PBXBuildFile; fileRef = EB985CA622EC699200C033E8 /* verify-sign.png */; };
		EB985CB522EC6B5400C033E8 /* FloatyDelegate.swift in Sources */ = {isa = PBXBuildFile; fileRef = EB985CB222EC6B2300C033E8 /* FloatyDelegate.swift */; };
		EB985CB622EC6B5800C033E8 /* FloatyWindow.swift in Sources */ = {isa = PBXBuildFile; fileRef = EB985CAC22EC6B2300C033E8 /* FloatyWindow.swift */; };
		EB985CB722EC6B5800C033E8 /* FloatyManager.swift in Sources */ = {isa = PBXBuildFile; fileRef = EB985CAD22EC6B2300C033E8 /* FloatyManager.swift */; };
		EB985CB822EC6B5800C033E8 /* FloatyItem.swift in Sources */ = {isa = PBXBuildFile; fileRef = EB985CAE22EC6B2300C033E8 /* FloatyItem.swift */; };
		EB985CB922EC6B5800C033E8 /* UIView+Draggable.swift in Sources */ = {isa = PBXBuildFile; fileRef = EB985CAF22EC6B2300C033E8 /* UIView+Draggable.swift */; };
		EB985CBA22EC6B5800C033E8 /* FloatyViewController.swift in Sources */ = {isa = PBXBuildFile; fileRef = EB985CB022EC6B2300C033E8 /* FloatyViewController.swift */; };
		EB985CBB22EC6B5800C033E8 /* Floaty.swift in Sources */ = {isa = PBXBuildFile; fileRef = EB985CB122EC6B2300C033E8 /* Floaty.swift */; };
		EB985CBD22EC74F800C033E8 /* String+OnlyDigits.swift in Sources */ = {isa = PBXBuildFile; fileRef = EB985CBC22EC74F800C033E8 /* String+OnlyDigits.swift */; };
		EB9DEBD222E9E02800A73FD1 /* AccountAccessoryView.swift in Sources */ = {isa = PBXBuildFile; fileRef = EB9DEBD122E9E02800A73FD1 /* AccountAccessoryView.swift */; };
		EB9DEBD422E9E5C400A73FD1 /* UITextField+Placeholder.swift in Sources */ = {isa = PBXBuildFile; fileRef = EB9DEBD322E9E5C400A73FD1 /* UITextField+Placeholder.swift */; };
		EB9DEBD622E9F00600A73FD1 /* CategoryAccessoryView.swift in Sources */ = {isa = PBXBuildFile; fileRef = EB9DEBD522E9F00600A73FD1 /* CategoryAccessoryView.swift */; };
		EBC59D3F22E7503900E626DC /* AppDelegate.swift in Sources */ = {isa = PBXBuildFile; fileRef = EBC59D3E22E7503900E626DC /* AppDelegate.swift */; };
		EBC59D4422E7503900E626DC /* Main.storyboard in Resources */ = {isa = PBXBuildFile; fileRef = EBC59D4222E7503900E626DC /* Main.storyboard */; };
		EBC59D4622E7503A00E626DC /* Assets.xcassets in Resources */ = {isa = PBXBuildFile; fileRef = EBC59D4522E7503A00E626DC /* Assets.xcassets */; };
		EBC59D4922E7503A00E626DC /* LaunchScreen.storyboard in Resources */ = {isa = PBXBuildFile; fileRef = EBC59D4722E7503A00E626DC /* LaunchScreen.storyboard */; };
		EBC59D5122E750DC00E626DC /* BudgetTableViewController.swift in Sources */ = {isa = PBXBuildFile; fileRef = EBC59D5022E750DC00E626DC /* BudgetTableViewController.swift */; };
		EBC59D5322E750E900E626DC /* Model.swift in Sources */ = {isa = PBXBuildFile; fileRef = EBC59D5222E750E900E626DC /* Model.swift */; };
		EBCECC6622ECA1FD00D85F7C /* LedgerModel.swift in Sources */ = {isa = PBXBuildFile; fileRef = EBCECC6522ECA1FD00D85F7C /* LedgerModel.swift */; };
		EBCECC6822ECA20E00D85F7C /* Parser.swift in Sources */ = {isa = PBXBuildFile; fileRef = EBCECC6722ECA20E00D85F7C /* Parser.swift */; };
		EBCECC6A22ECA21500D85F7C /* Account.swift in Sources */ = {isa = PBXBuildFile; fileRef = EBCECC6922ECA21500D85F7C /* Account.swift */; };
		EBD012E022E9974700F8126D /* DiaryTextView.swift in Sources */ = {isa = PBXBuildFile; fileRef = EBD012DF22E9974700F8126D /* DiaryTextView.swift */; };
		EBD012E722E9AD0600F8126D /* add.png in Resources */ = {isa = PBXBuildFile; fileRef = EBD012E622E9AD0500F8126D /* add.png */; };
		EBD012E922E9AD5000F8126D /* euro.png in Resources */ = {isa = PBXBuildFile; fileRef = EBD012E822E9AD5000F8126D /* euro.png */; };
		EBD012EE22E9B22100F8126D /* CategoryTableView.swift in Sources */ = {isa = PBXBuildFile; fileRef = EBD012ED22E9B22100F8126D /* CategoryTableView.swift */; };
		EBD012F322E9B39D00F8126D /* drawer.png in Resources */ = {isa = PBXBuildFile; fileRef = EBD012F222E9B39D00F8126D /* drawer.png */; };
		EBD012F622E9B47F00F8126D /* NewCategoryCell.xib in Resources */ = {isa = PBXBuildFile; fileRef = EBD012F422E9B47F00F8126D /* NewCategoryCell.xib */; };
		EBD012F722E9B47F00F8126D /* ExistingCategoryCell.xib in Resources */ = {isa = PBXBuildFile; fileRef = EBD012F522E9B47F00F8126D /* ExistingCategoryCell.xib */; };
		EBEB145022E8A1B100291435 /* EnterNumberViewController.swift in Sources */ = {isa = PBXBuildFile; fileRef = EBEB144722E8A1B100291435 /* EnterNumberViewController.swift */; };
		EBEB145722E8A29800291435 /* UIColor+Macro.swift in Sources */ = {isa = PBXBuildFile; fileRef = EBEB145622E8A29800291435 /* UIColor+Macro.swift */; };
		EBEB145B22E8AD7300291435 /* Transaction.swift in Sources */ = {isa = PBXBuildFile; fileRef = EBEB145A22E8AD7300291435 /* Transaction.swift */; };
		EBF2F67C22E8D91300C2772F /* AccountTableView.swift in Sources */ = {isa = PBXBuildFile; fileRef = EBF2F67B22E8D91300C2772F /* AccountTableView.swift */; };
		EBFF078D22E9B4BA00CC7215 /* NewAccountCell.xib in Resources */ = {isa = PBXBuildFile; fileRef = EBD012F122E9B2D400F8126D /* NewAccountCell.xib */; };
		EBFF078E22E9B4BC00CC7215 /* ExistingAccountCell.xib in Resources */ = {isa = PBXBuildFile; fileRef = EBD012F022E9B2D400F8126D /* ExistingAccountCell.xib */; };
/* End PBXBuildFile section */

/* Begin PBXFileReference section */
		160BB9A2AF30D0BE54C34C8C /* Pods_MyBudget.framework */ = {isa = PBXFileReference; explicitFileType = wrapper.framework; includeInIndex = 0; path = Pods_MyBudget.framework; sourceTree = BUILT_PRODUCTS_DIR; };
		8F7FED83E1109D9D221AFDB5 /* Pods-MyBudget.release.xcconfig */ = {isa = PBXFileReference; includeInIndex = 1; lastKnownFileType = text.xcconfig; name = "Pods-MyBudget.release.xcconfig"; path = "Target Support Files/Pods-MyBudget/Pods-MyBudget.release.xcconfig"; sourceTree = "<group>"; };
		EB02A66822EB10E600987AFA /* MyBudget-Bridging-Header.h */ = {isa = PBXFileReference; lastKnownFileType = sourcecode.c.h; path = "MyBudget-Bridging-Header.h"; sourceTree = "<group>"; };
		EB02A66922EB10E600987AFA /* APNumberPadDefaultStyle.h */ = {isa = PBXFileReference; fileEncoding = 4; lastKnownFileType = sourcecode.c.h; path = APNumberPadDefaultStyle.h; sourceTree = "<group>"; };
		EB02A66A22EB10E600987AFA /* APNumberPadDefaultStyle.m */ = {isa = PBXFileReference; fileEncoding = 4; lastKnownFileType = sourcecode.c.objc; path = APNumberPadDefaultStyle.m; sourceTree = "<group>"; };
		EB02A66B22EB10E600987AFA /* NSBundle+APNumberPad.h */ = {isa = PBXFileReference; fileEncoding = 4; lastKnownFileType = sourcecode.c.h; path = "NSBundle+APNumberPad.h"; sourceTree = "<group>"; };
		EB02A66C22EB10E700987AFA /* APNumberButton.m */ = {isa = PBXFileReference; fileEncoding = 4; lastKnownFileType = sourcecode.c.objc; path = APNumberButton.m; sourceTree = "<group>"; };
		EB02A66D22EB10E700987AFA /* NSBundle+APNumberPad.m */ = {isa = PBXFileReference; fileEncoding = 4; lastKnownFileType = sourcecode.c.objc; path = "NSBundle+APNumberPad.m"; sourceTree = "<group>"; };
		EB02A66E22EB10E700987AFA /* APNumberPad.h */ = {isa = PBXFileReference; fileEncoding = 4; lastKnownFileType = sourcecode.c.h; path = APNumberPad.h; sourceTree = "<group>"; };
		EB02A66F22EB10E700987AFA /* APNumberPadStyle.h */ = {isa = PBXFileReference; fileEncoding = 4; lastKnownFileType = sourcecode.c.h; path = APNumberPadStyle.h; sourceTree = "<group>"; };
		EB02A67022EB10E700987AFA /* APNumberPad.m */ = {isa = PBXFileReference; fileEncoding = 4; lastKnownFileType = sourcecode.c.objc; path = APNumberPad.m; sourceTree = "<group>"; };
		EB02A67122EB10E700987AFA /* APNumberButton.h */ = {isa = PBXFileReference; fileEncoding = 4; lastKnownFileType = sourcecode.c.h; path = APNumberButton.h; sourceTree = "<group>"; };
		EB02A67A22EB134F00987AFA /* LICENSE */ = {isa = PBXFileReference; fileEncoding = 4; lastKnownFileType = text; path = LICENSE; sourceTree = "<group>"; };
		EB02A67E22EB1BAA00987AFA /* apnumberpad_backspace_icon@2x.png */ = {isa = PBXFileReference; lastKnownFileType = image.png; path = "apnumberpad_backspace_icon@2x.png"; sourceTree = "<group>"; };
		EB02A67F22EB1BAA00987AFA /* apnumberpad_backspace_icon@3x.png */ = {isa = PBXFileReference; lastKnownFileType = image.png; path = "apnumberpad_backspace_icon@3x.png"; sourceTree = "<group>"; };
		EB02A68022EB1BAA00987AFA /* apnumberpad_backspace_icon.png */ = {isa = PBXFileReference; lastKnownFileType = image.png; path = apnumberpad_backspace_icon.png; sourceTree = "<group>"; };
		EB02A68622EB1BEF00987AFA /* MoneyKeyboard.swift */ = {isa = PBXFileReference; lastKnownFileType = sourcecode.swift; path = MoneyKeyboard.swift; sourceTree = "<group>"; };
		EB2C771A22EDBCA3009FA2C8 /* UITextView+Center.swift */ = {isa = PBXFileReference; lastKnownFileType = sourcecode.swift; path = "UITextView+Center.swift"; sourceTree = "<group>"; };
		EB2C771C22EDBD59009FA2C8 /* BudgetDetailViewController.swift */ = {isa = PBXFileReference; lastKnownFileType = sourcecode.swift; path = BudgetDetailViewController.swift; sourceTree = "<group>"; };
		EB2C771F22EDC143009FA2C8 /* MoneyTextField.swift */ = {isa = PBXFileReference; lastKnownFileType = sourcecode.swift; path = MoneyTextField.swift; sourceTree = "<group>"; };
		EB2C772122EDC8CA009FA2C8 /* pencil.png */ = {isa = PBXFileReference; lastKnownFileType = image.png; path = pencil.png; sourceTree = "<group>"; };
		EB2C772522EDCA56009FA2C8 /* edit-2.png */ = {isa = PBXFileReference; lastKnownFileType = image.png; path = "edit-2.png"; sourceTree = "<group>"; };
		EB558EB222ECA28000039651 /* LedgerTransaction.swift */ = {isa = PBXFileReference; fileEncoding = 4; lastKnownFileType = sourcecode.swift; path = LedgerTransaction.swift; sourceTree = "<group>"; };
		EB558EB522ECA39D00039651 /* MyBudget.entitlements */ = {isa = PBXFileReference; lastKnownFileType = text.plist.entitlements; path = MyBudget.entitlements; sourceTree = "<group>"; };
		EB558EB622ECA3A200039651 /* CloudKit.framework */ = {isa = PBXFileReference; lastKnownFileType = wrapper.framework; name = CloudKit.framework; path = System/Library/Frameworks/CloudKit.framework; sourceTree = SDKROOT; };
		EB582E7022F0A10D00422323 /* AddAccountsViewController.swift */ = {isa = PBXFileReference; lastKnownFileType = sourcecode.swift; path = AddAccountsViewController.swift; sourceTree = "<group>"; };
		EB582E7322F0ACC500422323 /* PercentFillView.swift */ = {isa = PBXFileReference; lastKnownFileType = sourcecode.swift; path = PercentFillView.swift; sourceTree = "<group>"; };
		EB582E7522F0AE1800422323 /* Date+Utilities.swift */ = {isa = PBXFileReference; fileEncoding = 4; lastKnownFileType = sourcecode.swift; path = "Date+Utilities.swift"; sourceTree = "<group>"; };
		EB60C8D922EF1F35000DC7C6 /* Bitcoin.swift */ = {isa = PBXFileReference; lastKnownFileType = sourcecode.swift; path = Bitcoin.swift; sourceTree = "<group>"; };
		EB60C8DA22EF1F35000DC7C6 /* Locale.swift */ = {isa = PBXFileReference; lastKnownFileType = sourcecode.swift; path = Locale.swift; sourceTree = "<group>"; };
		EB60C8DB22EF1F35000DC7C6 /* Currency.swift */ = {isa = PBXFileReference; lastKnownFileType = sourcecode.swift; path = Currency.swift; sourceTree = "<group>"; };
		EB60C8DC22EF1F35000DC7C6 /* Decimal.swift */ = {isa = PBXFileReference; lastKnownFileType = sourcecode.swift; path = Decimal.swift; sourceTree = "<group>"; };
		EB60C8DD22EF1F35000DC7C6 /* Money.swift */ = {isa = PBXFileReference; lastKnownFileType = sourcecode.swift; path = Money.swift; sourceTree = "<group>"; };
		EB60C8DE22EF1F35000DC7C6 /* NSDecimalNumberExtensions.swift */ = {isa = PBXFileReference; lastKnownFileType = sourcecode.swift; path = NSDecimalNumberExtensions.swift; sourceTree = "<group>"; };
		EB60C8DF22EF1F35000DC7C6 /* ApplePay.swift */ = {isa = PBXFileReference; lastKnownFileType = sourcecode.swift; path = ApplePay.swift; sourceTree = "<group>"; };
		EB60C8E022EF1F35000DC7C6 /* DecimalNumberType.swift */ = {isa = PBXFileReference; lastKnownFileType = sourcecode.swift; path = DecimalNumberType.swift; sourceTree = "<group>"; };
		EB60C8E122EF1F35000DC7C6 /* Autogenerated.swift */ = {isa = PBXFileReference; lastKnownFileType = sourcecode.swift; path = Autogenerated.swift; sourceTree = "<group>"; };
		EB60C8E222EF1F35000DC7C6 /* NSDecimalExtensions.swift */ = {isa = PBXFileReference; lastKnownFileType = sourcecode.swift; path = NSDecimalExtensions.swift; sourceTree = "<group>"; };
		EB60C8ED22EF1F47000DC7C6 /* LICENSE */ = {isa = PBXFileReference; fileEncoding = 4; lastKnownFileType = text; path = LICENSE; sourceTree = "<group>"; };
		EB668B9D22EF2DDE0082D54B /* MaterialComponents.framework */ = {isa = PBXFileReference; explicitFileType = wrapper.framework; path = MaterialComponents.framework; sourceTree = BUILT_PRODUCTS_DIR; };
		EB985CA622EC699200C033E8 /* verify-sign.png */ = {isa = PBXFileReference; lastKnownFileType = image.png; path = "verify-sign.png"; sourceTree = "<group>"; };
		EB985CAC22EC6B2300C033E8 /* FloatyWindow.swift */ = {isa = PBXFileReference; lastKnownFileType = sourcecode.swift; path = FloatyWindow.swift; sourceTree = "<group>"; };
		EB985CAD22EC6B2300C033E8 /* FloatyManager.swift */ = {isa = PBXFileReference; lastKnownFileType = sourcecode.swift; path = FloatyManager.swift; sourceTree = "<group>"; };
		EB985CAE22EC6B2300C033E8 /* FloatyItem.swift */ = {isa = PBXFileReference; lastKnownFileType = sourcecode.swift; path = FloatyItem.swift; sourceTree = "<group>"; };
		EB985CAF22EC6B2300C033E8 /* UIView+Draggable.swift */ = {isa = PBXFileReference; lastKnownFileType = sourcecode.swift; path = "UIView+Draggable.swift"; sourceTree = "<group>"; };
		EB985CB022EC6B2300C033E8 /* FloatyViewController.swift */ = {isa = PBXFileReference; lastKnownFileType = sourcecode.swift; path = FloatyViewController.swift; sourceTree = "<group>"; };
		EB985CB122EC6B2300C033E8 /* Floaty.swift */ = {isa = PBXFileReference; lastKnownFileType = sourcecode.swift; path = Floaty.swift; sourceTree = "<group>"; };
		EB985CB222EC6B2300C033E8 /* FloatyDelegate.swift */ = {isa = PBXFileReference; lastKnownFileType = sourcecode.swift; path = FloatyDelegate.swift; sourceTree = "<group>"; };
		EB985CB322EC6B2E00C033E8 /* LICENSE */ = {isa = PBXFileReference; fileEncoding = 4; lastKnownFileType = text; path = LICENSE; sourceTree = "<group>"; };
		EB985CBC22EC74F800C033E8 /* String+OnlyDigits.swift */ = {isa = PBXFileReference; lastKnownFileType = sourcecode.swift; path = "String+OnlyDigits.swift"; sourceTree = "<group>"; };
		EB9DEBD122E9E02800A73FD1 /* AccountAccessoryView.swift */ = {isa = PBXFileReference; lastKnownFileType = sourcecode.swift; path = AccountAccessoryView.swift; sourceTree = "<group>"; };
		EB9DEBD322E9E5C400A73FD1 /* UITextField+Placeholder.swift */ = {isa = PBXFileReference; lastKnownFileType = sourcecode.swift; path = "UITextField+Placeholder.swift"; sourceTree = "<group>"; };
		EB9DEBD522E9F00600A73FD1 /* CategoryAccessoryView.swift */ = {isa = PBXFileReference; lastKnownFileType = sourcecode.swift; path = CategoryAccessoryView.swift; sourceTree = "<group>"; };
		EBC59D3B22E7503900E626DC /* MyBudget.app */ = {isa = PBXFileReference; explicitFileType = wrapper.application; includeInIndex = 0; path = MyBudget.app; sourceTree = BUILT_PRODUCTS_DIR; };
		EBC59D3E22E7503900E626DC /* AppDelegate.swift */ = {isa = PBXFileReference; lastKnownFileType = sourcecode.swift; path = AppDelegate.swift; sourceTree = "<group>"; };
		EBC59D4322E7503900E626DC /* Base */ = {isa = PBXFileReference; lastKnownFileType = file.storyboard; name = Base; path = Base.lproj/Main.storyboard; sourceTree = "<group>"; };
		EBC59D4522E7503A00E626DC /* Assets.xcassets */ = {isa = PBXFileReference; lastKnownFileType = folder.assetcatalog; path = Assets.xcassets; sourceTree = "<group>"; };
		EBC59D4822E7503A00E626DC /* Base */ = {isa = PBXFileReference; lastKnownFileType = file.storyboard; name = Base; path = Base.lproj/LaunchScreen.storyboard; sourceTree = "<group>"; };
		EBC59D4A22E7503A00E626DC /* Info.plist */ = {isa = PBXFileReference; lastKnownFileType = text.plist.xml; path = Info.plist; sourceTree = "<group>"; };
		EBC59D5022E750DC00E626DC /* BudgetTableViewController.swift */ = {isa = PBXFileReference; lastKnownFileType = sourcecode.swift; path = BudgetTableViewController.swift; sourceTree = "<group>"; };
		EBC59D5222E750E900E626DC /* Model.swift */ = {isa = PBXFileReference; lastKnownFileType = sourcecode.swift; path = Model.swift; sourceTree = "<group>"; };
		EBCECC6522ECA1FD00D85F7C /* LedgerModel.swift */ = {isa = PBXFileReference; fileEncoding = 4; lastKnownFileType = sourcecode.swift; path = LedgerModel.swift; sourceTree = "<group>"; };
		EBCECC6722ECA20E00D85F7C /* Parser.swift */ = {isa = PBXFileReference; fileEncoding = 4; lastKnownFileType = sourcecode.swift; path = Parser.swift; sourceTree = "<group>"; };
		EBCECC6922ECA21500D85F7C /* Account.swift */ = {isa = PBXFileReference; fileEncoding = 4; lastKnownFileType = sourcecode.swift; path = Account.swift; sourceTree = "<group>"; };
		EBD012DF22E9974700F8126D /* DiaryTextView.swift */ = {isa = PBXFileReference; lastKnownFileType = sourcecode.swift; path = DiaryTextView.swift; sourceTree = "<group>"; };
		EBD012E622E9AD0500F8126D /* add.png */ = {isa = PBXFileReference; lastKnownFileType = image.png; path = add.png; sourceTree = "<group>"; };
		EBD012E822E9AD5000F8126D /* euro.png */ = {isa = PBXFileReference; lastKnownFileType = image.png; path = euro.png; sourceTree = "<group>"; };
		EBD012ED22E9B22100F8126D /* CategoryTableView.swift */ = {isa = PBXFileReference; lastKnownFileType = sourcecode.swift; path = CategoryTableView.swift; sourceTree = "<group>"; };
		EBD012F022E9B2D400F8126D /* ExistingAccountCell.xib */ = {isa = PBXFileReference; lastKnownFileType = file.xib; path = ExistingAccountCell.xib; sourceTree = "<group>"; };
		EBD012F122E9B2D400F8126D /* NewAccountCell.xib */ = {isa = PBXFileReference; lastKnownFileType = file.xib; path = NewAccountCell.xib; sourceTree = "<group>"; };
		EBD012F222E9B39D00F8126D /* drawer.png */ = {isa = PBXFileReference; lastKnownFileType = image.png; path = drawer.png; sourceTree = "<group>"; };
		EBD012F422E9B47F00F8126D /* NewCategoryCell.xib */ = {isa = PBXFileReference; fileEncoding = 4; lastKnownFileType = file.xib; path = NewCategoryCell.xib; sourceTree = "<group>"; };
		EBD012F522E9B47F00F8126D /* ExistingCategoryCell.xib */ = {isa = PBXFileReference; fileEncoding = 4; lastKnownFileType = file.xib; path = ExistingCategoryCell.xib; sourceTree = "<group>"; };
		EBEB144722E8A1B100291435 /* EnterNumberViewController.swift */ = {isa = PBXFileReference; lastKnownFileType = sourcecode.swift; path = EnterNumberViewController.swift; sourceTree = "<group>"; };
		EBEB145622E8A29800291435 /* UIColor+Macro.swift */ = {isa = PBXFileReference; lastKnownFileType = sourcecode.swift; path = "UIColor+Macro.swift"; sourceTree = "<group>"; };
		EBEB145A22E8AD7300291435 /* Transaction.swift */ = {isa = PBXFileReference; lastKnownFileType = sourcecode.swift; path = Transaction.swift; sourceTree = "<group>"; };
		EBF2F67B22E8D91300C2772F /* AccountTableView.swift */ = {isa = PBXFileReference; lastKnownFileType = sourcecode.swift; path = AccountTableView.swift; sourceTree = "<group>"; };
		F52E2EACC6135F8774DB4426 /* Pods-MyBudget.debug.xcconfig */ = {isa = PBXFileReference; includeInIndex = 1; lastKnownFileType = text.xcconfig; name = "Pods-MyBudget.debug.xcconfig"; path = "Target Support Files/Pods-MyBudget/Pods-MyBudget.debug.xcconfig"; sourceTree = "<group>"; };
/* End PBXFileReference section */

/* Begin PBXFrameworksBuildPhase section */
		EBC59D3822E7503900E626DC /* Frameworks */ = {
			isa = PBXFrameworksBuildPhase;
			buildActionMask = 2147483647;
			files = (
				705B8E4F9B8AF8BE4BA797A5 /* Pods_MyBudget.framework in Frameworks */,
				EB558EB722ECA3A200039651 /* CloudKit.framework in Frameworks */,
			);
			runOnlyForDeploymentPostprocessing = 0;
		};
/* End PBXFrameworksBuildPhase section */

/* Begin PBXGroup section */
		0460BF089A1987F864510207 /* Pods */ = {
			isa = PBXGroup;
			children = (
				F52E2EACC6135F8774DB4426 /* Pods-MyBudget.debug.xcconfig */,
				8F7FED83E1109D9D221AFDB5 /* Pods-MyBudget.release.xcconfig */,
			);
			path = Pods;
			sourceTree = "<group>";
		};
		1CF7C6954939ED9D3DD0375D /* Frameworks */ = {
			isa = PBXGroup;
			children = (
				EB668B9D22EF2DDE0082D54B /* MaterialComponents.framework */,
				EB558EB622ECA3A200039651 /* CloudKit.framework */,
				160BB9A2AF30D0BE54C34C8C /* Pods_MyBudget.framework */,
			);
			name = Frameworks;
			sourceTree = "<group>";
		};
		EB02A67622EB10EB00987AFA /* Money Selection */ = {
			isa = PBXGroup;
			children = (
				EB02A68622EB1BEF00987AFA /* MoneyKeyboard.swift */,
				EB02A68522EB1BD700987AFA /* APNumberPad */,
			);
			path = "Money Selection";
			sourceTree = "<group>";
		};
		EB02A68422EB1BB200987AFA /* Assets */ = {
			isa = PBXGroup;
			children = (
				EB02A68022EB1BAA00987AFA /* apnumberpad_backspace_icon.png */,
				EB02A67E22EB1BAA00987AFA /* apnumberpad_backspace_icon@2x.png */,
				EB02A67F22EB1BAA00987AFA /* apnumberpad_backspace_icon@3x.png */,
			);
			path = Assets;
			sourceTree = "<group>";
		};
		EB02A68522EB1BD700987AFA /* APNumberPad */ = {
			isa = PBXGroup;
			children = (
				EB02A67A22EB134F00987AFA /* LICENSE */,
				EB02A68422EB1BB200987AFA /* Assets */,
				EB02A67122EB10E700987AFA /* APNumberButton.h */,
				EB02A66C22EB10E700987AFA /* APNumberButton.m */,
				EB02A66E22EB10E700987AFA /* APNumberPad.h */,
				EB02A67022EB10E700987AFA /* APNumberPad.m */,
				EB02A66922EB10E600987AFA /* APNumberPadDefaultStyle.h */,
				EB02A66A22EB10E600987AFA /* APNumberPadDefaultStyle.m */,
				EB02A66F22EB10E700987AFA /* APNumberPadStyle.h */,
				EB02A66B22EB10E600987AFA /* NSBundle+APNumberPad.h */,
				EB02A66D22EB10E700987AFA /* NSBundle+APNumberPad.m */,
			);
			path = APNumberPad;
			sourceTree = "<group>";
		};
		EB2C771E22EDBD5E009FA2C8 /* Budget Detail VC */ = {
			isa = PBXGroup;
			children = (
				EB2C771C22EDBD59009FA2C8 /* BudgetDetailViewController.swift */,
				EB2C772122EDC8CA009FA2C8 /* pencil.png */,
				EB2C772522EDCA56009FA2C8 /* edit-2.png */,
				EB2C771F22EDC143009FA2C8 /* MoneyTextField.swift */,
			);
			path = "Budget Detail VC";
			sourceTree = "<group>";
		};
		EB558EB422ECA29D00039651 /* Ledger */ = {
			isa = PBXGroup;
			children = (
				EBCECC6522ECA1FD00D85F7C /* LedgerModel.swift */,
				EBCECC6722ECA20E00D85F7C /* Parser.swift */,
				EBCECC6922ECA21500D85F7C /* Account.swift */,
				EB558EB222ECA28000039651 /* LedgerTransaction.swift */,
			);
			path = Ledger;
			sourceTree = "<group>";
		};
		EB582E7222F0A11500422323 /* Onboarding */ = {
			isa = PBXGroup;
			children = (
				EB582E7022F0A10D00422323 /* AddAccountsViewController.swift */,
			);
			path = Onboarding;
			sourceTree = "<group>";
		};
		EB60C8D822EF1F35000DC7C6 /* Money */ = {
			isa = PBXGroup;
			children = (
				EB60C8ED22EF1F47000DC7C6 /* LICENSE */,
				EB60C8D922EF1F35000DC7C6 /* Bitcoin.swift */,
				EB60C8DA22EF1F35000DC7C6 /* Locale.swift */,
				EB60C8DB22EF1F35000DC7C6 /* Currency.swift */,
				EB60C8DC22EF1F35000DC7C6 /* Decimal.swift */,
				EB60C8DD22EF1F35000DC7C6 /* Money.swift */,
				EB60C8DE22EF1F35000DC7C6 /* NSDecimalNumberExtensions.swift */,
				EB60C8DF22EF1F35000DC7C6 /* ApplePay.swift */,
				EB60C8E022EF1F35000DC7C6 /* DecimalNumberType.swift */,
				EB60C8E122EF1F35000DC7C6 /* Autogenerated.swift */,
				EB60C8E222EF1F35000DC7C6 /* NSDecimalExtensions.swift */,
			);
			path = Money;
			sourceTree = "<group>";
		};
		EB985CAA22EC6B2300C033E8 /* Floaty */ = {
			isa = PBXGroup;
			children = (
				EB985CB322EC6B2E00C033E8 /* LICENSE */,
				EB985CAC22EC6B2300C033E8 /* FloatyWindow.swift */,
				EB985CAD22EC6B2300C033E8 /* FloatyManager.swift */,
				EB985CAE22EC6B2300C033E8 /* FloatyItem.swift */,
				EB985CAF22EC6B2300C033E8 /* UIView+Draggable.swift */,
				EB985CB022EC6B2300C033E8 /* FloatyViewController.swift */,
				EB985CB122EC6B2300C033E8 /* Floaty.swift */,
				EB985CB222EC6B2300C033E8 /* FloatyDelegate.swift */,
			);
			path = Floaty;
			sourceTree = "<group>";
		};
		EBC59D3222E7503900E626DC = {
			isa = PBXGroup;
			children = (
				EBC59D3D22E7503900E626DC /* MyBudget */,
				EBC59D3C22E7503900E626DC /* Products */,
				0460BF089A1987F864510207 /* Pods */,
				1CF7C6954939ED9D3DD0375D /* Frameworks */,
			);
			sourceTree = "<group>";
		};
		EBC59D3C22E7503900E626DC /* Products */ = {
			isa = PBXGroup;
			children = (
				EBC59D3B22E7503900E626DC /* MyBudget.app */,
			);
			name = Products;
			sourceTree = "<group>";
		};
		EBC59D3D22E7503900E626DC /* MyBudget */ = {
			isa = PBXGroup;
			children = (
				EB558EB522ECA39D00039651 /* MyBudget.entitlements */,
				EBC59D3E22E7503900E626DC /* AppDelegate.swift */,
				EBC59D4222E7503900E626DC /* Main.storyboard */,
				EB582E7222F0A11500422323 /* Onboarding */,
				EBC59D4522E7503A00E626DC /* Assets.xcassets */,
				EBC59D4722E7503A00E626DC /* LaunchScreen.storyboard */,
				EBD012E222E99A0700F8126D /* Views */,
				EBD012E122E999FB00F8126D /* Model */,
				EBEB145922E8A2A200291435 /* Extensions */,
				EBD012E322E99A1200F8126D /* Budget Table VC */,
				EBEB145122E8A1B500291435 /* New Transaction VC */,
				EB2C771E22EDBD5E009FA2C8 /* Budget Detail VC */,
				EBC59D4A22E7503A00E626DC /* Info.plist */,
			);
			path = MyBudget;
			sourceTree = "<group>";
		};
		EBD012E122E999FB00F8126D /* Model */ = {
			isa = PBXGroup;
			children = (
				EBC59D5222E750E900E626DC /* Model.swift */,
				EBEB145A22E8AD7300291435 /* Transaction.swift */,
				EB60C8D822EF1F35000DC7C6 /* Money */,
				EB558EB422ECA29D00039651 /* Ledger */,
			);
			path = Model;
			sourceTree = "<group>";
		};
		EBD012E222E99A0700F8126D /* Views */ = {
			isa = PBXGroup;
			children = (
				EB985CAA22EC6B2300C033E8 /* Floaty */,
				EBD012DF22E9974700F8126D /* DiaryTextView.swift */,
				EB02A66822EB10E600987AFA /* MyBudget-Bridging-Header.h */,
				EB02A67622EB10EB00987AFA /* Money Selection */,
				EBD012EF22E9B2C800F8126D /* Category Selection */,
				EBD012EC22E9B20400F8126D /* Account Selection */,
				EB582E7322F0ACC500422323 /* PercentFillView.swift */,
			);
			path = Views;
			sourceTree = "<group>";
		};
		EBD012E322E99A1200F8126D /* Budget Table VC */ = {
			isa = PBXGroup;
			children = (
				EBC59D5022E750DC00E626DC /* BudgetTableViewController.swift */,
			);
			path = "Budget Table VC";
			sourceTree = "<group>";
		};
		EBD012EC22E9B20400F8126D /* Account Selection */ = {
			isa = PBXGroup;
			children = (
				EBF2F67B22E8D91300C2772F /* AccountTableView.swift */,
				EB9DEBD122E9E02800A73FD1 /* AccountAccessoryView.swift */,
				EBD012E622E9AD0500F8126D /* add.png */,
				EBD012E822E9AD5000F8126D /* euro.png */,
				EBD012F122E9B2D400F8126D /* NewAccountCell.xib */,
				EBD012F022E9B2D400F8126D /* ExistingAccountCell.xib */,
			);
			path = "Account Selection";
			sourceTree = "<group>";
		};
		EBD012EF22E9B2C800F8126D /* Category Selection */ = {
			isa = PBXGroup;
			children = (
				EBD012ED22E9B22100F8126D /* CategoryTableView.swift */,
				EB9DEBD522E9F00600A73FD1 /* CategoryAccessoryView.swift */,
				EBD012F222E9B39D00F8126D /* drawer.png */,
				EBD012F422E9B47F00F8126D /* NewCategoryCell.xib */,
				EBD012F522E9B47F00F8126D /* ExistingCategoryCell.xib */,
			);
			path = "Category Selection";
			sourceTree = "<group>";
		};
		EBEB145122E8A1B500291435 /* New Transaction VC */ = {
			isa = PBXGroup;
			children = (
				EB985CA622EC699200C033E8 /* verify-sign.png */,
				EBEB144722E8A1B100291435 /* EnterNumberViewController.swift */,
			);
			path = "New Transaction VC";
			sourceTree = "<group>";
		};
		EBEB145922E8A2A200291435 /* Extensions */ = {
			isa = PBXGroup;
			children = (
				EB582E7522F0AE1800422323 /* Date+Utilities.swift */,
				EBEB145622E8A29800291435 /* UIColor+Macro.swift */,
				EB9DEBD322E9E5C400A73FD1 /* UITextField+Placeholder.swift */,
				EB985CBC22EC74F800C033E8 /* String+OnlyDigits.swift */,
				EB2C771A22EDBCA3009FA2C8 /* UITextView+Center.swift */,
			);
			path = Extensions;
			sourceTree = "<group>";
		};
/* End PBXGroup section */

/* Begin PBXNativeTarget section */
		EBC59D3A22E7503900E626DC /* MyBudget */ = {
			isa = PBXNativeTarget;
			buildConfigurationList = EBC59D4D22E7503A00E626DC /* Build configuration list for PBXNativeTarget "MyBudget" */;
			buildPhases = (
				92D164196AE7A3BB592A6924 /* [CP] Check Pods Manifest.lock */,
				EBC59D3722E7503900E626DC /* Sources */,
				EBC59D3822E7503900E626DC /* Frameworks */,
				EBC59D3922E7503900E626DC /* Resources */,
				2C4C8180A58BBDB244C4EF1F /* [CP] Embed Pods Frameworks */,
			);
			buildRules = (
			);
			dependencies = (
			);
			name = MyBudget;
			productName = MyBudget;
			productReference = EBC59D3B22E7503900E626DC /* MyBudget.app */;
			productType = "com.apple.product-type.application";
		};
/* End PBXNativeTarget section */

/* Begin PBXProject section */
		EBC59D3322E7503900E626DC /* Project object */ = {
			isa = PBXProject;
			attributes = {
				LastSwiftUpdateCheck = 1020;
				LastUpgradeCheck = 1020;
				ORGANIZATIONNAME = "Johannes Raufeisen";
				TargetAttributes = {
					EBC59D3A22E7503900E626DC = {
						CreatedOnToolsVersion = 10.2.1;
						LastSwiftMigration = 1030;
						SystemCapabilities = {
							com.apple.Push = {
								enabled = 1;
							};
							com.apple.iCloud = {
								enabled = 1;
							};
						};
					};
				};
			};
			buildConfigurationList = EBC59D3622E7503900E626DC /* Build configuration list for PBXProject "MyBudget" */;
			compatibilityVersion = "Xcode 9.3";
			developmentRegion = en;
			hasScannedForEncodings = 0;
			knownRegions = (
				en,
				Base,
			);
			mainGroup = EBC59D3222E7503900E626DC;
			productRefGroup = EBC59D3C22E7503900E626DC /* Products */;
			projectDirPath = "";
			projectRoot = "";
			targets = (
				EBC59D3A22E7503900E626DC /* MyBudget */,
			);
		};
/* End PBXProject section */

/* Begin PBXResourcesBuildPhase section */
		EBC59D3922E7503900E626DC /* Resources */ = {
			isa = PBXResourcesBuildPhase;
			buildActionMask = 2147483647;
			files = (
				EB2C772222EDC8CA009FA2C8 /* pencil.png in Resources */,
				EB02A68122EB1BAF00987AFA /* apnumberpad_backspace_icon.png in Resources */,
				EB2C772622EDCA56009FA2C8 /* edit-2.png in Resources */,
				EB985CA722EC699200C033E8 /* verify-sign.png in Resources */,
				EBC59D4922E7503A00E626DC /* LaunchScreen.storyboard in Resources */,
				EB02A68322EB1BAF00987AFA /* apnumberpad_backspace_icon@3x.png in Resources */,
				EBD012F622E9B47F00F8126D /* NewCategoryCell.xib in Resources */,
				EBD012F722E9B47F00F8126D /* ExistingCategoryCell.xib in Resources */,
				EB60C8EE22EF1F47000DC7C6 /* LICENSE in Resources */,
				EBD012F322E9B39D00F8126D /* drawer.png in Resources */,
				EBD012E922E9AD5000F8126D /* euro.png in Resources */,
				EBFF078D22E9B4BA00CC7215 /* NewAccountCell.xib in Resources */,
				EB02A68222EB1BAF00987AFA /* apnumberpad_backspace_icon@2x.png in Resources */,
				EBFF078E22E9B4BC00CC7215 /* ExistingAccountCell.xib in Resources */,
				EBC59D4622E7503A00E626DC /* Assets.xcassets in Resources */,
				EBD012E722E9AD0600F8126D /* add.png in Resources */,
				EBC59D4422E7503900E626DC /* Main.storyboard in Resources */,
			);
			runOnlyForDeploymentPostprocessing = 0;
		};
/* End PBXResourcesBuildPhase section */

/* Begin PBXShellScriptBuildPhase section */
		2C4C8180A58BBDB244C4EF1F /* [CP] Embed Pods Frameworks */ = {
			isa = PBXShellScriptBuildPhase;
			buildActionMask = 2147483647;
			files = (
			);
			inputFileListPaths = (
				"${PODS_ROOT}/Target Support Files/Pods-MyBudget/Pods-MyBudget-frameworks-${CONFIGURATION}-input-files.xcfilelist",
			);
			name = "[CP] Embed Pods Frameworks";
			outputFileListPaths = (
				"${PODS_ROOT}/Target Support Files/Pods-MyBudget/Pods-MyBudget-frameworks-${CONFIGURATION}-output-files.xcfilelist",
			);
			runOnlyForDeploymentPostprocessing = 0;
			shellPath = /bin/sh;
			shellScript = "\"${PODS_ROOT}/Target Support Files/Pods-MyBudget/Pods-MyBudget-frameworks.sh\"\n";
			showEnvVarsInLog = 0;
		};
		92D164196AE7A3BB592A6924 /* [CP] Check Pods Manifest.lock */ = {
			isa = PBXShellScriptBuildPhase;
			buildActionMask = 2147483647;
			files = (
			);
			inputFileListPaths = (
			);
			inputPaths = (
				"${PODS_PODFILE_DIR_PATH}/Podfile.lock",
				"${PODS_ROOT}/Manifest.lock",
			);
			name = "[CP] Check Pods Manifest.lock";
			outputFileListPaths = (
			);
			outputPaths = (
				"$(DERIVED_FILE_DIR)/Pods-MyBudget-checkManifestLockResult.txt",
			);
			runOnlyForDeploymentPostprocessing = 0;
			shellPath = /bin/sh;
			shellScript = "diff \"${PODS_PODFILE_DIR_PATH}/Podfile.lock\" \"${PODS_ROOT}/Manifest.lock\" > /dev/null\nif [ $? != 0 ] ; then\n    # print error to STDERR\n    echo \"error: The sandbox is not in sync with the Podfile.lock. Run 'pod install' or update your CocoaPods installation.\" >&2\n    exit 1\nfi\n# This output is used by Xcode 'outputs' to avoid re-running this script phase.\necho \"SUCCESS\" > \"${SCRIPT_OUTPUT_FILE_0}\"\n";
			showEnvVarsInLog = 0;
		};
/* End PBXShellScriptBuildPhase section */

/* Begin PBXSourcesBuildPhase section */
		EBC59D3722E7503900E626DC /* Sources */ = {
			isa = PBXSourcesBuildPhase;
			buildActionMask = 2147483647;
			files = (
				EBCECC6622ECA1FD00D85F7C /* LedgerModel.swift in Sources */,
				EB985CB722EC6B5800C033E8 /* FloatyManager.swift in Sources */,
				EB985CBD22EC74F800C033E8 /* String+OnlyDigits.swift in Sources */,
				EBEB145022E8A1B100291435 /* EnterNumberViewController.swift in Sources */,
				EB60C8EB22EF1F3B000DC7C6 /* Autogenerated.swift in Sources */,
				EB02A67322EB10E700987AFA /* APNumberButton.m in Sources */,
				EB02A68722EB1BEF00987AFA /* MoneyKeyboard.swift in Sources */,
				EB582E7422F0ACC500422323 /* PercentFillView.swift in Sources */,
				EBEB145722E8A29800291435 /* UIColor+Macro.swift in Sources */,
				EB60C8EC22EF1F3B000DC7C6 /* NSDecimalExtensions.swift in Sources */,
				EBEB145B22E8AD7300291435 /* Transaction.swift in Sources */,
				EB2C771B22EDBCA3009FA2C8 /* UITextView+Center.swift in Sources */,
				EB985CBB22EC6B5800C033E8 /* Floaty.swift in Sources */,
				EB2C771D22EDBD59009FA2C8 /* BudgetDetailViewController.swift in Sources */,
				EB582E7622F0AE1800422323 /* Date+Utilities.swift in Sources */,
				EB985CB522EC6B5400C033E8 /* FloatyDelegate.swift in Sources */,
				EB60C8EA22EF1F3B000DC7C6 /* DecimalNumberType.swift in Sources */,
				EBD012EE22E9B22100F8126D /* CategoryTableView.swift in Sources */,
				EB9DEBD422E9E5C400A73FD1 /* UITextField+Placeholder.swift in Sources */,
				EB02A67422EB10E700987AFA /* NSBundle+APNumberPad.m in Sources */,
				EBCECC6A22ECA21500D85F7C /* Account.swift in Sources */,
				EB985CB922EC6B5800C033E8 /* UIView+Draggable.swift in Sources */,
				EB02A67522EB10E700987AFA /* APNumberPad.m in Sources */,
				EB60C8E322EF1F3B000DC7C6 /* Bitcoin.swift in Sources */,
				EB985CB622EC6B5800C033E8 /* FloatyWindow.swift in Sources */,
				EB2C772022EDC143009FA2C8 /* MoneyTextField.swift in Sources */,
				EB9DEBD622E9F00600A73FD1 /* CategoryAccessoryView.swift in Sources */,
				EBF2F67C22E8D91300C2772F /* AccountTableView.swift in Sources */,
				EBC59D5122E750DC00E626DC /* BudgetTableViewController.swift in Sources */,
				EBC59D3F22E7503900E626DC /* AppDelegate.swift in Sources */,
				EB60C8E922EF1F3B000DC7C6 /* ApplePay.swift in Sources */,
				EBC59D5322E750E900E626DC /* Model.swift in Sources */,
				EB60C8E522EF1F3B000DC7C6 /* Currency.swift in Sources */,
				EB60C8E622EF1F3B000DC7C6 /* Decimal.swift in Sources */,
				EBD012E022E9974700F8126D /* DiaryTextView.swift in Sources */,
				EB985CBA22EC6B5800C033E8 /* FloatyViewController.swift in Sources */,
				EBCECC6822ECA20E00D85F7C /* Parser.swift in Sources */,
				EB02A67222EB10E700987AFA /* APNumberPadDefaultStyle.m in Sources */,
				EB558EB322ECA28100039651 /* LedgerTransaction.swift in Sources */,
				EB582E7122F0A10D00422323 /* AddAccountsViewController.swift in Sources */,
				EB9DEBD222E9E02800A73FD1 /* AccountAccessoryView.swift in Sources */,
				EB60C8E722EF1F3B000DC7C6 /* Money.swift in Sources */,
				EB985CB822EC6B5800C033E8 /* FloatyItem.swift in Sources */,
				EB60C8E422EF1F3B000DC7C6 /* Locale.swift in Sources */,
				EB60C8E822EF1F3B000DC7C6 /* NSDecimalNumberExtensions.swift in Sources */,
			);
			runOnlyForDeploymentPostprocessing = 0;
		};
/* End PBXSourcesBuildPhase section */

/* Begin PBXVariantGroup section */
		EBC59D4222E7503900E626DC /* Main.storyboard */ = {
			isa = PBXVariantGroup;
			children = (
				EBC59D4322E7503900E626DC /* Base */,
			);
			name = Main.storyboard;
			sourceTree = "<group>";
		};
		EBC59D4722E7503A00E626DC /* LaunchScreen.storyboard */ = {
			isa = PBXVariantGroup;
			children = (
				EBC59D4822E7503A00E626DC /* Base */,
			);
			name = LaunchScreen.storyboard;
			sourceTree = "<group>";
		};
/* End PBXVariantGroup section */

/* Begin XCBuildConfiguration section */
		EBC59D4B22E7503A00E626DC /* Debug */ = {
			isa = XCBuildConfiguration;
			buildSettings = {
				ALWAYS_SEARCH_USER_PATHS = NO;
				CLANG_ANALYZER_NONNULL = YES;
				CLANG_ANALYZER_NUMBER_OBJECT_CONVERSION = YES_AGGRESSIVE;
				CLANG_CXX_LANGUAGE_STANDARD = "gnu++14";
				CLANG_CXX_LIBRARY = "libc++";
				CLANG_ENABLE_MODULES = YES;
				CLANG_ENABLE_OBJC_ARC = YES;
				CLANG_ENABLE_OBJC_WEAK = YES;
				CLANG_WARN_BLOCK_CAPTURE_AUTORELEASING = YES;
				CLANG_WARN_BOOL_CONVERSION = YES;
				CLANG_WARN_COMMA = YES;
				CLANG_WARN_CONSTANT_CONVERSION = YES;
				CLANG_WARN_DEPRECATED_OBJC_IMPLEMENTATIONS = YES;
				CLANG_WARN_DIRECT_OBJC_ISA_USAGE = YES_ERROR;
				CLANG_WARN_DOCUMENTATION_COMMENTS = YES;
				CLANG_WARN_EMPTY_BODY = YES;
				CLANG_WARN_ENUM_CONVERSION = YES;
				CLANG_WARN_INFINITE_RECURSION = YES;
				CLANG_WARN_INT_CONVERSION = YES;
				CLANG_WARN_NON_LITERAL_NULL_CONVERSION = YES;
				CLANG_WARN_OBJC_IMPLICIT_RETAIN_SELF = YES;
				CLANG_WARN_OBJC_LITERAL_CONVERSION = YES;
				CLANG_WARN_OBJC_ROOT_CLASS = YES_ERROR;
				CLANG_WARN_RANGE_LOOP_ANALYSIS = YES;
				CLANG_WARN_STRICT_PROTOTYPES = YES;
				CLANG_WARN_SUSPICIOUS_MOVE = YES;
				CLANG_WARN_UNGUARDED_AVAILABILITY = YES_AGGRESSIVE;
				CLANG_WARN_UNREACHABLE_CODE = YES;
				CLANG_WARN__DUPLICATE_METHOD_MATCH = YES;
				CODE_SIGN_IDENTITY = "iPhone Developer";
				COPY_PHASE_STRIP = NO;
				DEBUG_INFORMATION_FORMAT = dwarf;
				ENABLE_STRICT_OBJC_MSGSEND = YES;
				ENABLE_TESTABILITY = YES;
				GCC_C_LANGUAGE_STANDARD = gnu11;
				GCC_DYNAMIC_NO_PIC = NO;
				GCC_NO_COMMON_BLOCKS = YES;
				GCC_OPTIMIZATION_LEVEL = 0;
				GCC_PREPROCESSOR_DEFINITIONS = (
					"DEBUG=1",
					"$(inherited)",
				);
				GCC_WARN_64_TO_32_BIT_CONVERSION = YES;
				GCC_WARN_ABOUT_RETURN_TYPE = YES_ERROR;
				GCC_WARN_UNDECLARED_SELECTOR = YES;
				GCC_WARN_UNINITIALIZED_AUTOS = YES_AGGRESSIVE;
				GCC_WARN_UNUSED_FUNCTION = YES;
				GCC_WARN_UNUSED_VARIABLE = YES;
				IPHONEOS_DEPLOYMENT_TARGET = 12.2;
				MTL_ENABLE_DEBUG_INFO = INCLUDE_SOURCE;
				MTL_FAST_MATH = YES;
				ONLY_ACTIVE_ARCH = YES;
				SDKROOT = iphoneos;
				SWIFT_ACTIVE_COMPILATION_CONDITIONS = DEBUG;
				SWIFT_OPTIMIZATION_LEVEL = "-Onone";
			};
			name = Debug;
		};
		EBC59D4C22E7503A00E626DC /* Release */ = {
			isa = XCBuildConfiguration;
			buildSettings = {
				ALWAYS_SEARCH_USER_PATHS = NO;
				CLANG_ANALYZER_NONNULL = YES;
				CLANG_ANALYZER_NUMBER_OBJECT_CONVERSION = YES_AGGRESSIVE;
				CLANG_CXX_LANGUAGE_STANDARD = "gnu++14";
				CLANG_CXX_LIBRARY = "libc++";
				CLANG_ENABLE_MODULES = YES;
				CLANG_ENABLE_OBJC_ARC = YES;
				CLANG_ENABLE_OBJC_WEAK = YES;
				CLANG_WARN_BLOCK_CAPTURE_AUTORELEASING = YES;
				CLANG_WARN_BOOL_CONVERSION = YES;
				CLANG_WARN_COMMA = YES;
				CLANG_WARN_CONSTANT_CONVERSION = YES;
				CLANG_WARN_DEPRECATED_OBJC_IMPLEMENTATIONS = YES;
				CLANG_WARN_DIRECT_OBJC_ISA_USAGE = YES_ERROR;
				CLANG_WARN_DOCUMENTATION_COMMENTS = YES;
				CLANG_WARN_EMPTY_BODY = YES;
				CLANG_WARN_ENUM_CONVERSION = YES;
				CLANG_WARN_INFINITE_RECURSION = YES;
				CLANG_WARN_INT_CONVERSION = YES;
				CLANG_WARN_NON_LITERAL_NULL_CONVERSION = YES;
				CLANG_WARN_OBJC_IMPLICIT_RETAIN_SELF = YES;
				CLANG_WARN_OBJC_LITERAL_CONVERSION = YES;
				CLANG_WARN_OBJC_ROOT_CLASS = YES_ERROR;
				CLANG_WARN_RANGE_LOOP_ANALYSIS = YES;
				CLANG_WARN_STRICT_PROTOTYPES = YES;
				CLANG_WARN_SUSPICIOUS_MOVE = YES;
				CLANG_WARN_UNGUARDED_AVAILABILITY = YES_AGGRESSIVE;
				CLANG_WARN_UNREACHABLE_CODE = YES;
				CLANG_WARN__DUPLICATE_METHOD_MATCH = YES;
				CODE_SIGN_IDENTITY = "iPhone Developer";
				COPY_PHASE_STRIP = NO;
				DEBUG_INFORMATION_FORMAT = "dwarf-with-dsym";
				ENABLE_NS_ASSERTIONS = NO;
				ENABLE_STRICT_OBJC_MSGSEND = YES;
				GCC_C_LANGUAGE_STANDARD = gnu11;
				GCC_NO_COMMON_BLOCKS = YES;
				GCC_WARN_64_TO_32_BIT_CONVERSION = YES;
				GCC_WARN_ABOUT_RETURN_TYPE = YES_ERROR;
				GCC_WARN_UNDECLARED_SELECTOR = YES;
				GCC_WARN_UNINITIALIZED_AUTOS = YES_AGGRESSIVE;
				GCC_WARN_UNUSED_FUNCTION = YES;
				GCC_WARN_UNUSED_VARIABLE = YES;
				IPHONEOS_DEPLOYMENT_TARGET = 12.2;
				MTL_ENABLE_DEBUG_INFO = NO;
				MTL_FAST_MATH = YES;
				SDKROOT = iphoneos;
				SWIFT_COMPILATION_MODE = wholemodule;
				SWIFT_OPTIMIZATION_LEVEL = "-O";
				VALIDATE_PRODUCT = YES;
			};
			name = Release;
		};
		EBC59D4E22E7503A00E626DC /* Debug */ = {
			isa = XCBuildConfiguration;
			baseConfigurationReference = F52E2EACC6135F8774DB4426 /* Pods-MyBudget.debug.xcconfig */;
			buildSettings = {
				ASSETCATALOG_COMPILER_APPICON_NAME = AppIcon;
				CLANG_ENABLE_MODULES = YES;
				CODE_SIGN_ENTITLEMENTS = MyBudget/MyBudget.entitlements;
				CODE_SIGN_STYLE = Automatic;
				DEVELOPMENT_TEAM = YLJFWRHN2U;
				INFOPLIST_FILE = MyBudget/Info.plist;
				LD_RUNPATH_SEARCH_PATHS = (
					"$(inherited)",
					"@executable_path/Frameworks",
				);
				PRODUCT_BUNDLE_IDENTIFIER = com.jraufeisen.MyBudget;
				PRODUCT_NAME = "$(TARGET_NAME)";
				SWIFT_OBJC_BRIDGING_HEADER = "MyBudget/Views/MyBudget-Bridging-Header.h";
				SWIFT_OPTIMIZATION_LEVEL = "-Onone";
				SWIFT_VERSION = 5.0;
				TARGETED_DEVICE_FAMILY = "1,2";
			};
			name = Debug;
		};
		EBC59D4F22E7503A00E626DC /* Release */ = {
			isa = XCBuildConfiguration;
			baseConfigurationReference = 8F7FED83E1109D9D221AFDB5 /* Pods-MyBudget.release.xcconfig */;
			buildSettings = {
				ASSETCATALOG_COMPILER_APPICON_NAME = AppIcon;
				CLANG_ENABLE_MODULES = YES;
				CODE_SIGN_ENTITLEMENTS = MyBudget/MyBudget.entitlements;
				CODE_SIGN_STYLE = Automatic;
				DEVELOPMENT_TEAM = YLJFWRHN2U;
				INFOPLIST_FILE = MyBudget/Info.plist;
				LD_RUNPATH_SEARCH_PATHS = (
					"$(inherited)",
					"@executable_path/Frameworks",
				);
				PRODUCT_BUNDLE_IDENTIFIER = com.jraufeisen.MyBudget;
				PRODUCT_NAME = "$(TARGET_NAME)";
				SWIFT_OBJC_BRIDGING_HEADER = "MyBudget/Views/MyBudget-Bridging-Header.h";
				SWIFT_VERSION = 5.0;
				TARGETED_DEVICE_FAMILY = "1,2";
			};
			name = Release;
		};
/* End XCBuildConfiguration section */

/* Begin XCConfigurationList section */
		EBC59D3622E7503900E626DC /* Build configuration list for PBXProject "MyBudget" */ = {
			isa = XCConfigurationList;
			buildConfigurations = (
				EBC59D4B22E7503A00E626DC /* Debug */,
				EBC59D4C22E7503A00E626DC /* Release */,
			);
			defaultConfigurationIsVisible = 0;
			defaultConfigurationName = Release;
		};
		EBC59D4D22E7503A00E626DC /* Build configuration list for PBXNativeTarget "MyBudget" */ = {
			isa = XCConfigurationList;
			buildConfigurations = (
				EBC59D4E22E7503A00E626DC /* Debug */,
				EBC59D4F22E7503A00E626DC /* Release */,
			);
			defaultConfigurationIsVisible = 0;
			defaultConfigurationName = Release;
		};
/* End XCConfigurationList section */
	};
	rootObject = EBC59D3322E7503900E626DC /* Project object */;
}
