// !$*UTF8*$!
{
	archiveVersion = 1;
	classes = {
	};
	objectVersion = 51;
	objects = {

/* Begin PBXBuildFile section */
		705B8E4F9B8AF8BE4BA797A5 /* Pods_MyBudget.framework in Frameworks */ = {isa = PBXBuildFile; fileRef = 160BB9A2AF30D0BE54C34C8C /* Pods_MyBudget.framework */; };
		EB9DEBD222E9E02800A73FD1 /* AccountAccessoryView.swift in Sources */ = {isa = PBXBuildFile; fileRef = EB9DEBD122E9E02800A73FD1 /* AccountAccessoryView.swift */; };
		EB9DEBD422E9E5C400A73FD1 /* UITextField+Placeholder.swift in Sources */ = {isa = PBXBuildFile; fileRef = EB9DEBD322E9E5C400A73FD1 /* UITextField+Placeholder.swift */; };
		EB9DEBD622E9F00600A73FD1 /* CategoryAccessoryView.swift in Sources */ = {isa = PBXBuildFile; fileRef = EB9DEBD522E9F00600A73FD1 /* CategoryAccessoryView.swift */; };
		EBC59D3F22E7503900E626DC /* AppDelegate.swift in Sources */ = {isa = PBXBuildFile; fileRef = EBC59D3E22E7503900E626DC /* AppDelegate.swift */; };
		EBC59D4422E7503900E626DC /* Main.storyboard in Resources */ = {isa = PBXBuildFile; fileRef = EBC59D4222E7503900E626DC /* Main.storyboard */; };
		EBC59D4622E7503A00E626DC /* Assets.xcassets in Resources */ = {isa = PBXBuildFile; fileRef = EBC59D4522E7503A00E626DC /* Assets.xcassets */; };
		EBC59D4922E7503A00E626DC /* LaunchScreen.storyboard in Resources */ = {isa = PBXBuildFile; fileRef = EBC59D4722E7503A00E626DC /* LaunchScreen.storyboard */; };
		EBC59D5122E750DC00E626DC /* BudgetTableViewController.swift in Sources */ = {isa = PBXBuildFile; fileRef = EBC59D5022E750DC00E626DC /* BudgetTableViewController.swift */; };
		EBC59D5322E750E900E626DC /* Model.swift in Sources */ = {isa = PBXBuildFile; fileRef = EBC59D5222E750E900E626DC /* Model.swift */; };
		EBD012E022E9974700F8126D /* DiaryTextView.swift in Sources */ = {isa = PBXBuildFile; fileRef = EBD012DF22E9974700F8126D /* DiaryTextView.swift */; };
		EBD012E722E9AD0600F8126D /* add.png in Resources */ = {isa = PBXBuildFile; fileRef = EBD012E622E9AD0500F8126D /* add.png */; };
		EBD012E922E9AD5000F8126D /* euro.png in Resources */ = {isa = PBXBuildFile; fileRef = EBD012E822E9AD5000F8126D /* euro.png */; };
		EBD012EE22E9B22100F8126D /* CategoryTableView.swift in Sources */ = {isa = PBXBuildFile; fileRef = EBD012ED22E9B22100F8126D /* CategoryTableView.swift */; };
		EBD012F322E9B39D00F8126D /* drawer.png in Resources */ = {isa = PBXBuildFile; fileRef = EBD012F222E9B39D00F8126D /* drawer.png */; };
		EBD012F622E9B47F00F8126D /* NewCategoryCell.xib in Resources */ = {isa = PBXBuildFile; fileRef = EBD012F422E9B47F00F8126D /* NewCategoryCell.xib */; };
		EBD012F722E9B47F00F8126D /* ExistingCategoryCell.xib in Resources */ = {isa = PBXBuildFile; fileRef = EBD012F522E9B47F00F8126D /* ExistingCategoryCell.xib */; };
		EBEB145022E8A1B100291435 /* EnterNumberViewController.swift in Sources */ = {isa = PBXBuildFile; fileRef = EBEB144722E8A1B100291435 /* EnterNumberViewController.swift */; };
		EBEB145722E8A29800291435 /* UIColor+Macro.swift in Sources */ = {isa = PBXBuildFile; fileRef = EBEB145622E8A29800291435 /* UIColor+Macro.swift */; };
		EBEB145B22E8AD7300291435 /* Transaction.swift in Sources */ = {isa = PBXBuildFile; fileRef = EBEB145A22E8AD7300291435 /* Transaction.swift */; };
		EBF2F67C22E8D91300C2772F /* AccountTableView.swift in Sources */ = {isa = PBXBuildFile; fileRef = EBF2F67B22E8D91300C2772F /* AccountTableView.swift */; };
		EBFF078D22E9B4BA00CC7215 /* NewAccountCell.xib in Resources */ = {isa = PBXBuildFile; fileRef = EBD012F122E9B2D400F8126D /* NewAccountCell.xib */; };
		EBFF078E22E9B4BC00CC7215 /* ExistingAccountCell.xib in Resources */ = {isa = PBXBuildFile; fileRef = EBD012F022E9B2D400F8126D /* ExistingAccountCell.xib */; };
/* End PBXBuildFile section */

/* Begin PBXFileReference section */
		160BB9A2AF30D0BE54C34C8C /* Pods_MyBudget.framework */ = {isa = PBXFileReference; explicitFileType = wrapper.framework; includeInIndex = 0; path = Pods_MyBudget.framework; sourceTree = BUILT_PRODUCTS_DIR; };
		8F7FED83E1109D9D221AFDB5 /* Pods-MyBudget.release.xcconfig */ = {isa = PBXFileReference; includeInIndex = 1; lastKnownFileType = text.xcconfig; name = "Pods-MyBudget.release.xcconfig"; path = "Target Support Files/Pods-MyBudget/Pods-MyBudget.release.xcconfig"; sourceTree = "<group>"; };
		EB9DEBD122E9E02800A73FD1 /* AccountAccessoryView.swift */ = {isa = PBXFileReference; lastKnownFileType = sourcecode.swift; path = AccountAccessoryView.swift; sourceTree = "<group>"; };
		EB9DEBD322E9E5C400A73FD1 /* UITextField+Placeholder.swift */ = {isa = PBXFileReference; lastKnownFileType = sourcecode.swift; path = "UITextField+Placeholder.swift"; sourceTree = "<group>"; };
		EB9DEBD522E9F00600A73FD1 /* CategoryAccessoryView.swift */ = {isa = PBXFileReference; lastKnownFileType = sourcecode.swift; path = CategoryAccessoryView.swift; sourceTree = "<group>"; };
		EBC59D3B22E7503900E626DC /* MyBudget.app */ = {isa = PBXFileReference; explicitFileType = wrapper.application; includeInIndex = 0; path = MyBudget.app; sourceTree = BUILT_PRODUCTS_DIR; };
		EBC59D3E22E7503900E626DC /* AppDelegate.swift */ = {isa = PBXFileReference; lastKnownFileType = sourcecode.swift; path = AppDelegate.swift; sourceTree = "<group>"; };
		EBC59D4322E7503900E626DC /* Base */ = {isa = PBXFileReference; lastKnownFileType = file.storyboard; name = Base; path = Base.lproj/Main.storyboard; sourceTree = "<group>"; };
		EBC59D4522E7503A00E626DC /* Assets.xcassets */ = {isa = PBXFileReference; lastKnownFileType = folder.assetcatalog; path = Assets.xcassets; sourceTree = "<group>"; };
		EBC59D4822E7503A00E626DC /* Base */ = {isa = PBXFileReference; lastKnownFileType = file.storyboard; name = Base; path = Base.lproj/LaunchScreen.storyboard; sourceTree = "<group>"; };
		EBC59D4A22E7503A00E626DC /* Info.plist */ = {isa = PBXFileReference; lastKnownFileType = text.plist.xml; path = Info.plist; sourceTree = "<group>"; };
		EBC59D5022E750DC00E626DC /* BudgetTableViewController.swift */ = {isa = PBXFileReference; lastKnownFileType = sourcecode.swift; path = BudgetTableViewController.swift; sourceTree = "<group>"; };
		EBC59D5222E750E900E626DC /* Model.swift */ = {isa = PBXFileReference; lastKnownFileType = sourcecode.swift; path = Model.swift; sourceTree = "<group>"; };
		EBD012DF22E9974700F8126D /* DiaryTextView.swift */ = {isa = PBXFileReference; lastKnownFileType = sourcecode.swift; path = DiaryTextView.swift; sourceTree = "<group>"; };
		EBD012E622E9AD0500F8126D /* add.png */ = {isa = PBXFileReference; lastKnownFileType = image.png; path = add.png; sourceTree = "<group>"; };
		EBD012E822E9AD5000F8126D /* euro.png */ = {isa = PBXFileReference; lastKnownFileType = image.png; path = euro.png; sourceTree = "<group>"; };
		EBD012ED22E9B22100F8126D /* CategoryTableView.swift */ = {isa = PBXFileReference; lastKnownFileType = sourcecode.swift; path = CategoryTableView.swift; sourceTree = "<group>"; };
		EBD012F022E9B2D400F8126D /* ExistingAccountCell.xib */ = {isa = PBXFileReference; lastKnownFileType = file.xib; path = ExistingAccountCell.xib; sourceTree = "<group>"; };
		EBD012F122E9B2D400F8126D /* NewAccountCell.xib */ = {isa = PBXFileReference; lastKnownFileType = file.xib; path = NewAccountCell.xib; sourceTree = "<group>"; };
		EBD012F222E9B39D00F8126D /* drawer.png */ = {isa = PBXFileReference; lastKnownFileType = image.png; path = drawer.png; sourceTree = "<group>"; };
		EBD012F422E9B47F00F8126D /* NewCategoryCell.xib */ = {isa = PBXFileReference; fileEncoding = 4; lastKnownFileType = file.xib; path = NewCategoryCell.xib; sourceTree = "<group>"; };
		EBD012F522E9B47F00F8126D /* ExistingCategoryCell.xib */ = {isa = PBXFileReference; fileEncoding = 4; lastKnownFileType = file.xib; path = ExistingCategoryCell.xib; sourceTree = "<group>"; };
		EBEB144722E8A1B100291435 /* EnterNumberViewController.swift */ = {isa = PBXFileReference; lastKnownFileType = sourcecode.swift; path = EnterNumberViewController.swift; sourceTree = "<group>"; };
		EBEB145622E8A29800291435 /* UIColor+Macro.swift */ = {isa = PBXFileReference; lastKnownFileType = sourcecode.swift; path = "UIColor+Macro.swift"; sourceTree = "<group>"; };
		EBEB145A22E8AD7300291435 /* Transaction.swift */ = {isa = PBXFileReference; lastKnownFileType = sourcecode.swift; path = Transaction.swift; sourceTree = "<group>"; };
		EBF2F67B22E8D91300C2772F /* AccountTableView.swift */ = {isa = PBXFileReference; lastKnownFileType = sourcecode.swift; path = AccountTableView.swift; sourceTree = "<group>"; };
		F52E2EACC6135F8774DB4426 /* Pods-MyBudget.debug.xcconfig */ = {isa = PBXFileReference; includeInIndex = 1; lastKnownFileType = text.xcconfig; name = "Pods-MyBudget.debug.xcconfig"; path = "Target Support Files/Pods-MyBudget/Pods-MyBudget.debug.xcconfig"; sourceTree = "<group>"; };
/* End PBXFileReference section */

/* Begin PBXFrameworksBuildPhase section */
		EBC59D3822E7503900E626DC /* Frameworks */ = {
			isa = PBXFrameworksBuildPhase;
			buildActionMask = 2147483647;
			files = (
				705B8E4F9B8AF8BE4BA797A5 /* Pods_MyBudget.framework in Frameworks */,
			);
			runOnlyForDeploymentPostprocessing = 0;
		};
/* End PBXFrameworksBuildPhase section */

/* Begin PBXGroup section */
		0460BF089A1987F864510207 /* Pods */ = {
			isa = PBXGroup;
			children = (
				F52E2EACC6135F8774DB4426 /* Pods-MyBudget.debug.xcconfig */,
				8F7FED83E1109D9D221AFDB5 /* Pods-MyBudget.release.xcconfig */,
			);
			path = Pods;
			sourceTree = "<group>";
		};
		1CF7C6954939ED9D3DD0375D /* Frameworks */ = {
			isa = PBXGroup;
			children = (
				160BB9A2AF30D0BE54C34C8C /* Pods_MyBudget.framework */,
			);
			name = Frameworks;
			sourceTree = "<group>";
		};
		EBC59D3222E7503900E626DC = {
			isa = PBXGroup;
			children = (
				EBC59D3D22E7503900E626DC /* MyBudget */,
				EBC59D3C22E7503900E626DC /* Products */,
				0460BF089A1987F864510207 /* Pods */,
				1CF7C6954939ED9D3DD0375D /* Frameworks */,
			);
			sourceTree = "<group>";
		};
		EBC59D3C22E7503900E626DC /* Products */ = {
			isa = PBXGroup;
			children = (
				EBC59D3B22E7503900E626DC /* MyBudget.app */,
			);
			name = Products;
			sourceTree = "<group>";
		};
		EBC59D3D22E7503900E626DC /* MyBudget */ = {
			isa = PBXGroup;
			children = (
				EBC59D3E22E7503900E626DC /* AppDelegate.swift */,
				EBC59D4222E7503900E626DC /* Main.storyboard */,
				EBC59D4522E7503A00E626DC /* Assets.xcassets */,
				EBC59D4722E7503A00E626DC /* LaunchScreen.storyboard */,
				EBD012E222E99A0700F8126D /* Views */,
				EBD012E122E999FB00F8126D /* Model */,
				EBEB145922E8A2A200291435 /* Extensions */,
				EBD012E322E99A1200F8126D /* Budget Table VC */,
				EBEB145122E8A1B500291435 /* New Transaction VC */,
				EBC59D4A22E7503A00E626DC /* Info.plist */,
			);
			path = MyBudget;
			sourceTree = "<group>";
		};
		EBD012E122E999FB00F8126D /* Model */ = {
			isa = PBXGroup;
			children = (
				EBC59D5222E750E900E626DC /* Model.swift */,
				EBEB145A22E8AD7300291435 /* Transaction.swift */,
			);
			path = Model;
			sourceTree = "<group>";
		};
		EBD012E222E99A0700F8126D /* Views */ = {
			isa = PBXGroup;
			children = (
				EBD012DF22E9974700F8126D /* DiaryTextView.swift */,
				EBD012EF22E9B2C800F8126D /* Category Selection */,
				EBD012EC22E9B20400F8126D /* Account Selection */,
			);
			path = Views;
			sourceTree = "<group>";
		};
		EBD012E322E99A1200F8126D /* Budget Table VC */ = {
			isa = PBXGroup;
			children = (
				EBC59D5022E750DC00E626DC /* BudgetTableViewController.swift */,
			);
			path = "Budget Table VC";
			sourceTree = "<group>";
		};
		EBD012EC22E9B20400F8126D /* Account Selection */ = {
			isa = PBXGroup;
			children = (
				EBF2F67B22E8D91300C2772F /* AccountTableView.swift */,
				EB9DEBD122E9E02800A73FD1 /* AccountAccessoryView.swift */,
				EBD012E622E9AD0500F8126D /* add.png */,
				EBD012E822E9AD5000F8126D /* euro.png */,
				EBD012F122E9B2D400F8126D /* NewAccountCell.xib */,
				EBD012F022E9B2D400F8126D /* ExistingAccountCell.xib */,
			);
			path = "Account Selection";
			sourceTree = "<group>";
		};
		EBD012EF22E9B2C800F8126D /* Category Selection */ = {
			isa = PBXGroup;
			children = (
				EBD012ED22E9B22100F8126D /* CategoryTableView.swift */,
				EB9DEBD522E9F00600A73FD1 /* CategoryAccessoryView.swift */,
				EBD012F222E9B39D00F8126D /* drawer.png */,
				EBD012F422E9B47F00F8126D /* NewCategoryCell.xib */,
				EBD012F522E9B47F00F8126D /* ExistingCategoryCell.xib */,
			);
			path = "Category Selection";
			sourceTree = "<group>";
		};
		EBEB145122E8A1B500291435 /* New Transaction VC */ = {
			isa = PBXGroup;
			children = (
				EBEB144722E8A1B100291435 /* EnterNumberViewController.swift */,
			);
			path = "New Transaction VC";
			sourceTree = "<group>";
		};
		EBEB145922E8A2A200291435 /* Extensions */ = {
			isa = PBXGroup;
			children = (
				EBEB145622E8A29800291435 /* UIColor+Macro.swift */,
				EB9DEBD322E9E5C400A73FD1 /* UITextField+Placeholder.swift */,
			);
			path = Extensions;
			sourceTree = "<group>";
		};
/* End PBXGroup section */

/* Begin PBXNativeTarget section */
		EBC59D3A22E7503900E626DC /* MyBudget */ = {
			isa = PBXNativeTarget;
			buildConfigurationList = EBC59D4D22E7503A00E626DC /* Build configuration list for PBXNativeTarget "MyBudget" */;
			buildPhases = (
				92D164196AE7A3BB592A6924 /* [CP] Check Pods Manifest.lock */,
				EBC59D3722E7503900E626DC /* Sources */,
				EBC59D3822E7503900E626DC /* Frameworks */,
				EBC59D3922E7503900E626DC /* Resources */,
				D32E84A6A3DC2D6F0431FA56 /* [CP] Embed Pods Frameworks */,
			);
			buildRules = (
			);
			dependencies = (
			);
			name = MyBudget;
			productName = MyBudget;
			productReference = EBC59D3B22E7503900E626DC /* MyBudget.app */;
			productType = "com.apple.product-type.application";
		};
/* End PBXNativeTarget section */

/* Begin PBXProject section */
		EBC59D3322E7503900E626DC /* Project object */ = {
			isa = PBXProject;
			attributes = {
				LastSwiftUpdateCheck = 1020;
				LastUpgradeCheck = 1020;
				ORGANIZATIONNAME = "Johannes Raufeisen";
				TargetAttributes = {
					EBC59D3A22E7503900E626DC = {
						CreatedOnToolsVersion = 10.2.1;
					};
				};
			};
			buildConfigurationList = EBC59D3622E7503900E626DC /* Build configuration list for PBXProject "MyBudget" */;
			compatibilityVersion = "Xcode 9.3";
			developmentRegion = en;
			hasScannedForEncodings = 0;
			knownRegions = (
				en,
				Base,
			);
			mainGroup = EBC59D3222E7503900E626DC;
			productRefGroup = EBC59D3C22E7503900E626DC /* Products */;
			projectDirPath = "";
			projectRoot = "";
			targets = (
				EBC59D3A22E7503900E626DC /* MyBudget */,
			);
		};
/* End PBXProject section */

/* Begin PBXResourcesBuildPhase section */
		EBC59D3922E7503900E626DC /* Resources */ = {
			isa = PBXResourcesBuildPhase;
			buildActionMask = 2147483647;
			files = (
				EBC59D4922E7503A00E626DC /* LaunchScreen.storyboard in Resources */,
				EBD012F622E9B47F00F8126D /* NewCategoryCell.xib in Resources */,
				EBD012F722E9B47F00F8126D /* ExistingCategoryCell.xib in Resources */,
				EBD012F322E9B39D00F8126D /* drawer.png in Resources */,
				EBD012E922E9AD5000F8126D /* euro.png in Resources */,
				EBFF078D22E9B4BA00CC7215 /* NewAccountCell.xib in Resources */,
				EBFF078E22E9B4BC00CC7215 /* ExistingAccountCell.xib in Resources */,
				EBC59D4622E7503A00E626DC /* Assets.xcassets in Resources */,
				EBD012E722E9AD0600F8126D /* add.png in Resources */,
				EBC59D4422E7503900E626DC /* Main.storyboard in Resources */,
			);
			runOnlyForDeploymentPostprocessing = 0;
		};
/* End PBXResourcesBuildPhase section */

/* Begin PBXShellScriptBuildPhase section */
		92D164196AE7A3BB592A6924 /* [CP] Check Pods Manifest.lock */ = {
			isa = PBXShellScriptBuildPhase;
			buildActionMask = 2147483647;
			files = (
			);
			inputFileListPaths = (
			);
			inputPaths = (
				"${PODS_PODFILE_DIR_PATH}/Podfile.lock",
				"${PODS_ROOT}/Manifest.lock",
			);
			name = "[CP] Check Pods Manifest.lock";
			outputFileListPaths = (
			);
			outputPaths = (
				"$(DERIVED_FILE_DIR)/Pods-MyBudget-checkManifestLockResult.txt",
			);
			runOnlyForDeploymentPostprocessing = 0;
			shellPath = /bin/sh;
			shellScript = "diff \"${PODS_PODFILE_DIR_PATH}/Podfile.lock\" \"${PODS_ROOT}/Manifest.lock\" > /dev/null\nif [ $? != 0 ] ; then\n    # print error to STDERR\n    echo \"error: The sandbox is not in sync with the Podfile.lock. Run 'pod install' or update your CocoaPods installation.\" >&2\n    exit 1\nfi\n# This output is used by Xcode 'outputs' to avoid re-running this script phase.\necho \"SUCCESS\" > \"${SCRIPT_OUTPUT_FILE_0}\"\n";
			showEnvVarsInLog = 0;
		};
		D32E84A6A3DC2D6F0431FA56 /* [CP] Embed Pods Frameworks */ = {
			isa = PBXShellScriptBuildPhase;
			buildActionMask = 2147483647;
			files = (
			);
			inputFileListPaths = (
				"${PODS_ROOT}/Target Support Files/Pods-MyBudget/Pods-MyBudget-frameworks-${CONFIGURATION}-input-files.xcfilelist",
			);
			name = "[CP] Embed Pods Frameworks";
			outputFileListPaths = (
				"${PODS_ROOT}/Target Support Files/Pods-MyBudget/Pods-MyBudget-frameworks-${CONFIGURATION}-output-files.xcfilelist",
			);
			runOnlyForDeploymentPostprocessing = 0;
			shellPath = /bin/sh;
			shellScript = "\"${PODS_ROOT}/Target Support Files/Pods-MyBudget/Pods-MyBudget-frameworks.sh\"\n";
			showEnvVarsInLog = 0;
		};
/* End PBXShellScriptBuildPhase section */

/* Begin PBXSourcesBuildPhase section */
		EBC59D3722E7503900E626DC /* Sources */ = {
			isa = PBXSourcesBuildPhase;
			buildActionMask = 2147483647;
			files = (
				EBEB145022E8A1B100291435 /* EnterNumberViewController.swift in Sources */,
				EBEB145722E8A29800291435 /* UIColor+Macro.swift in Sources */,
				EBEB145B22E8AD7300291435 /* Transaction.swift in Sources */,
				EBD012EE22E9B22100F8126D /* CategoryTableView.swift in Sources */,
				EB9DEBD422E9E5C400A73FD1 /* UITextField+Placeholder.swift in Sources */,
				EB9DEBD622E9F00600A73FD1 /* CategoryAccessoryView.swift in Sources */,
				EBF2F67C22E8D91300C2772F /* AccountTableView.swift in Sources */,
				EBC59D5122E750DC00E626DC /* BudgetTableViewController.swift in Sources */,
				EBC59D3F22E7503900E626DC /* AppDelegate.swift in Sources */,
				EBC59D5322E750E900E626DC /* Model.swift in Sources */,
				EBD012E022E9974700F8126D /* DiaryTextView.swift in Sources */,
				EB9DEBD222E9E02800A73FD1 /* AccountAccessoryView.swift in Sources */,
			);
			runOnlyForDeploymentPostprocessing = 0;
		};
/* End PBXSourcesBuildPhase section */

/* Begin PBXVariantGroup section */
		EBC59D4222E7503900E626DC /* Main.storyboard */ = {
			isa = PBXVariantGroup;
			children = (
				EBC59D4322E7503900E626DC /* Base */,
			);
			name = Main.storyboard;
			sourceTree = "<group>";
		};
		EBC59D4722E7503A00E626DC /* LaunchScreen.storyboard */ = {
			isa = PBXVariantGroup;
			children = (
				EBC59D4822E7503A00E626DC /* Base */,
			);
			name = LaunchScreen.storyboard;
			sourceTree = "<group>";
		};
/* End PBXVariantGroup section */

/* Begin XCBuildConfiguration section */
		EBC59D4B22E7503A00E626DC /* Debug */ = {
			isa = XCBuildConfiguration;
			buildSettings = {
				ALWAYS_SEARCH_USER_PATHS = NO;
				CLANG_ANALYZER_NONNULL = YES;
				CLANG_ANALYZER_NUMBER_OBJECT_CONVERSION = YES_AGGRESSIVE;
				CLANG_CXX_LANGUAGE_STANDARD = "gnu++14";
				CLANG_CXX_LIBRARY = "libc++";
				CLANG_ENABLE_MODULES = YES;
				CLANG_ENABLE_OBJC_ARC = YES;
				CLANG_ENABLE_OBJC_WEAK = YES;
				CLANG_WARN_BLOCK_CAPTURE_AUTORELEASING = YES;
				CLANG_WARN_BOOL_CONVERSION = YES;
				CLANG_WARN_COMMA = YES;
				CLANG_WARN_CONSTANT_CONVERSION = YES;
				CLANG_WARN_DEPRECATED_OBJC_IMPLEMENTATIONS = YES;
				CLANG_WARN_DIRECT_OBJC_ISA_USAGE = YES_ERROR;
				CLANG_WARN_DOCUMENTATION_COMMENTS = YES;
				CLANG_WARN_EMPTY_BODY = YES;
				CLANG_WARN_ENUM_CONVERSION = YES;
				CLANG_WARN_INFINITE_RECURSION = YES;
				CLANG_WARN_INT_CONVERSION = YES;
				CLANG_WARN_NON_LITERAL_NULL_CONVERSION = YES;
				CLANG_WARN_OBJC_IMPLICIT_RETAIN_SELF = YES;
				CLANG_WARN_OBJC_LITERAL_CONVERSION = YES;
				CLANG_WARN_OBJC_ROOT_CLASS = YES_ERROR;
				CLANG_WARN_RANGE_LOOP_ANALYSIS = YES;
				CLANG_WARN_STRICT_PROTOTYPES = YES;
				CLANG_WARN_SUSPICIOUS_MOVE = YES;
				CLANG_WARN_UNGUARDED_AVAILABILITY = YES_AGGRESSIVE;
				CLANG_WARN_UNREACHABLE_CODE = YES;
				CLANG_WARN__DUPLICATE_METHOD_MATCH = YES;
				CODE_SIGN_IDENTITY = "iPhone Developer";
				COPY_PHASE_STRIP = NO;
				DEBUG_INFORMATION_FORMAT = dwarf;
				ENABLE_STRICT_OBJC_MSGSEND = YES;
				ENABLE_TESTABILITY = YES;
				GCC_C_LANGUAGE_STANDARD = gnu11;
				GCC_DYNAMIC_NO_PIC = NO;
				GCC_NO_COMMON_BLOCKS = YES;
				GCC_OPTIMIZATION_LEVEL = 0;
				GCC_PREPROCESSOR_DEFINITIONS = (
					"DEBUG=1",
					"$(inherited)",
				);
				GCC_WARN_64_TO_32_BIT_CONVERSION = YES;
				GCC_WARN_ABOUT_RETURN_TYPE = YES_ERROR;
				GCC_WARN_UNDECLARED_SELECTOR = YES;
				GCC_WARN_UNINITIALIZED_AUTOS = YES_AGGRESSIVE;
				GCC_WARN_UNUSED_FUNCTION = YES;
				GCC_WARN_UNUSED_VARIABLE = YES;
				IPHONEOS_DEPLOYMENT_TARGET = 12.2;
				MTL_ENABLE_DEBUG_INFO = INCLUDE_SOURCE;
				MTL_FAST_MATH = YES;
				ONLY_ACTIVE_ARCH = YES;
				SDKROOT = iphoneos;
				SWIFT_ACTIVE_COMPILATION_CONDITIONS = DEBUG;
				SWIFT_OPTIMIZATION_LEVEL = "-Onone";
			};
			name = Debug;
		};
		EBC59D4C22E7503A00E626DC /* Release */ = {
			isa = XCBuildConfiguration;
			buildSettings = {
				ALWAYS_SEARCH_USER_PATHS = NO;
				CLANG_ANALYZER_NONNULL = YES;
				CLANG_ANALYZER_NUMBER_OBJECT_CONVERSION = YES_AGGRESSIVE;
				CLANG_CXX_LANGUAGE_STANDARD = "gnu++14";
				CLANG_CXX_LIBRARY = "libc++";
				CLANG_ENABLE_MODULES = YES;
				CLANG_ENABLE_OBJC_ARC = YES;
				CLANG_ENABLE_OBJC_WEAK = YES;
				CLANG_WARN_BLOCK_CAPTURE_AUTORELEASING = YES;
				CLANG_WARN_BOOL_CONVERSION = YES;
				CLANG_WARN_COMMA = YES;
				CLANG_WARN_CONSTANT_CONVERSION = YES;
				CLANG_WARN_DEPRECATED_OBJC_IMPLEMENTATIONS = YES;
				CLANG_WARN_DIRECT_OBJC_ISA_USAGE = YES_ERROR;
				CLANG_WARN_DOCUMENTATION_COMMENTS = YES;
				CLANG_WARN_EMPTY_BODY = YES;
				CLANG_WARN_ENUM_CONVERSION = YES;
				CLANG_WARN_INFINITE_RECURSION = YES;
				CLANG_WARN_INT_CONVERSION = YES;
				CLANG_WARN_NON_LITERAL_NULL_CONVERSION = YES;
				CLANG_WARN_OBJC_IMPLICIT_RETAIN_SELF = YES;
				CLANG_WARN_OBJC_LITERAL_CONVERSION = YES;
				CLANG_WARN_OBJC_ROOT_CLASS = YES_ERROR;
				CLANG_WARN_RANGE_LOOP_ANALYSIS = YES;
				CLANG_WARN_STRICT_PROTOTYPES = YES;
				CLANG_WARN_SUSPICIOUS_MOVE = YES;
				CLANG_WARN_UNGUARDED_AVAILABILITY = YES_AGGRESSIVE;
				CLANG_WARN_UNREACHABLE_CODE = YES;
				CLANG_WARN__DUPLICATE_METHOD_MATCH = YES;
				CODE_SIGN_IDENTITY = "iPhone Developer";
				COPY_PHASE_STRIP = NO;
				DEBUG_INFORMATION_FORMAT = "dwarf-with-dsym";
				ENABLE_NS_ASSERTIONS = NO;
				ENABLE_STRICT_OBJC_MSGSEND = YES;
				GCC_C_LANGUAGE_STANDARD = gnu11;
				GCC_NO_COMMON_BLOCKS = YES;
				GCC_WARN_64_TO_32_BIT_CONVERSION = YES;
				GCC_WARN_ABOUT_RETURN_TYPE = YES_ERROR;
				GCC_WARN_UNDECLARED_SELECTOR = YES;
				GCC_WARN_UNINITIALIZED_AUTOS = YES_AGGRESSIVE;
				GCC_WARN_UNUSED_FUNCTION = YES;
				GCC_WARN_UNUSED_VARIABLE = YES;
				IPHONEOS_DEPLOYMENT_TARGET = 12.2;
				MTL_ENABLE_DEBUG_INFO = NO;
				MTL_FAST_MATH = YES;
				SDKROOT = iphoneos;
				SWIFT_COMPILATION_MODE = wholemodule;
				SWIFT_OPTIMIZATION_LEVEL = "-O";
				VALIDATE_PRODUCT = YES;
			};
			name = Release;
		};
		EBC59D4E22E7503A00E626DC /* Debug */ = {
			isa = XCBuildConfiguration;
			baseConfigurationReference = F52E2EACC6135F8774DB4426 /* Pods-MyBudget.debug.xcconfig */;
			buildSettings = {
				ASSETCATALOG_COMPILER_APPICON_NAME = AppIcon;
				CODE_SIGN_STYLE = Automatic;
				DEVELOPMENT_TEAM = YLJFWRHN2U;
				INFOPLIST_FILE = MyBudget/Info.plist;
				LD_RUNPATH_SEARCH_PATHS = (
					"$(inherited)",
					"@executable_path/Frameworks",
				);
				PRODUCT_BUNDLE_IDENTIFIER = com.jraufeisen.MyBudget;
				PRODUCT_NAME = "$(TARGET_NAME)";
				SWIFT_VERSION = 5.0;
				TARGETED_DEVICE_FAMILY = "1,2";
			};
			name = Debug;
		};
		EBC59D4F22E7503A00E626DC /* Release */ = {
			isa = XCBuildConfiguration;
			baseConfigurationReference = 8F7FED83E1109D9D221AFDB5 /* Pods-MyBudget.release.xcconfig */;
			buildSettings = {
				ASSETCATALOG_COMPILER_APPICON_NAME = AppIcon;
				CODE_SIGN_STYLE = Automatic;
				DEVELOPMENT_TEAM = YLJFWRHN2U;
				INFOPLIST_FILE = MyBudget/Info.plist;
				LD_RUNPATH_SEARCH_PATHS = (
					"$(inherited)",
					"@executable_path/Frameworks",
				);
				PRODUCT_BUNDLE_IDENTIFIER = com.jraufeisen.MyBudget;
				PRODUCT_NAME = "$(TARGET_NAME)";
				SWIFT_VERSION = 5.0;
				TARGETED_DEVICE_FAMILY = "1,2";
			};
			name = Release;
		};
/* End XCBuildConfiguration section */

/* Begin XCConfigurationList section */
		EBC59D3622E7503900E626DC /* Build configuration list for PBXProject "MyBudget" */ = {
			isa = XCConfigurationList;
			buildConfigurations = (
				EBC59D4B22E7503A00E626DC /* Debug */,
				EBC59D4C22E7503A00E626DC /* Release */,
			);
			defaultConfigurationIsVisible = 0;
			defaultConfigurationName = Release;
		};
		EBC59D4D22E7503A00E626DC /* Build configuration list for PBXNativeTarget "MyBudget" */ = {
			isa = XCConfigurationList;
			buildConfigurations = (
				EBC59D4E22E7503A00E626DC /* Debug */,
				EBC59D4F22E7503A00E626DC /* Release */,
			);
			defaultConfigurationIsVisible = 0;
			defaultConfigurationName = Release;
		};
/* End XCConfigurationList section */
	};
	rootObject = EBC59D3322E7503900E626DC /* Project object */;
}
